// !$*UTF8*$!
{
	archiveVersion = 1;
	classes = {
	};
	objectVersion = 55;
	objects = {

/* Begin PBXBuildFile section */
		031D18A92AF94EB700372171 /* CompanyListView.swift in Sources */ = {isa = PBXBuildFile; fileRef = 031D18A82AF94EB700372171 /* CompanyListView.swift */; };
		031D18AB2AF94F7600372171 /* CompanyViewModel.swift in Sources */ = {isa = PBXBuildFile; fileRef = 031D18AA2AF94F7600372171 /* CompanyViewModel.swift */; };
		031D18AD2AF9501F00372171 /* CompanyDetailView.swift in Sources */ = {isa = PBXBuildFile; fileRef = 031D18AC2AF9501F00372171 /* CompanyDetailView.swift */; };
		031D18B12AF950D800372171 /* CompanyRequirement.swift in Sources */ = {isa = PBXBuildFile; fileRef = 031D18B02AF950D800372171 /* CompanyRequirement.swift */; };
		031D18B32AF9512300372171 /* CompanyRepository.swift in Sources */ = {isa = PBXBuildFile; fileRef = 031D18B22AF9512300372171 /* CompanyRepository.swift */; };
		031D18B72AFAFA7200372171 /* CompanyModel.swift in Sources */ = {isa = PBXBuildFile; fileRef = 031D18B62AFAFA7200372171 /* CompanyModel.swift */; };
		470069C72AF3F86D006BC4FD /* LogoutRepository.swift in Sources */ = {isa = PBXBuildFile; fileRef = 470069C62AF3F86D006BC4FD /* LogoutRepository.swift */; };
		470069C92AF3F9A0006BC4FD /* LogoutViewModel.swift in Sources */ = {isa = PBXBuildFile; fileRef = 470069C82AF3F9A0006BC4FD /* LogoutViewModel.swift */; };
		471ED0882AF1AB3F00AD61F7 /* CourseInfoRequirement.swift in Sources */ = {isa = PBXBuildFile; fileRef = 471ED0872AF1AB3F00AD61F7 /* CourseInfoRequirement.swift */; };
		4730B8792AE9D03800337D05 /* LoginModel.swift in Sources */ = {isa = PBXBuildFile; fileRef = 4730B8782AE9D03800337D05 /* LoginModel.swift */; };
		4777A67B2AEA348C00FB4388 /* LoginRepository.swift in Sources */ = {isa = PBXBuildFile; fileRef = 4777A67A2AEA348C00FB4388 /* LoginRepository.swift */; };
		478932CF2B056FD60071F839 /* PublicationCardView.swift in Sources */ = {isa = PBXBuildFile; fileRef = 478932CE2B056FD60071F839 /* PublicationCardView.swift */; };
		47A333462AE890EB008D2448 /* LoginViewModel.swift in Sources */ = {isa = PBXBuildFile; fileRef = 47A333452AE890EB008D2448 /* LoginViewModel.swift */; };
		47D08D9E2B080E7B0082F385 /* ExpandableText.swift in Sources */ = {isa = PBXBuildFile; fileRef = 47D08D9D2B080E7B0082F385 /* ExpandableText.swift */; };
		47E471552B057F1400B0B9C3 /* ExpandableText in Frameworks */ = {isa = PBXBuildFile; productRef = 47E471542B057F1400B0B9C3 /* ExpandableText */; };
		47E471572B058F5300B0B9C3 /* PublicationView.swift in Sources */ = {isa = PBXBuildFile; fileRef = 47E471562B058F5300B0B9C3 /* PublicationView.swift */; };
		47E471592B0593E200B0B9C3 /* PublicationViewModel.swift in Sources */ = {isa = PBXBuildFile; fileRef = 47E471582B0593E200B0B9C3 /* PublicationViewModel.swift */; };
		47E4715B2B0595E500B0B9C3 /* PublicationModel.swift in Sources */ = {isa = PBXBuildFile; fileRef = 47E4715A2B0595E500B0B9C3 /* PublicationModel.swift */; };
		47E4715D2B05996A00B0B9C3 /* PublicationRepository.swift in Sources */ = {isa = PBXBuildFile; fileRef = 47E4715C2B05996A00B0B9C3 /* PublicationRepository.swift */; };
		47E4715F2B059CFA00B0B9C3 /* PublicationListRequirement.swift in Sources */ = {isa = PBXBuildFile; fileRef = 47E4715E2B059CFA00B0B9C3 /* PublicationListRequirement.swift */; };
		47E839F02B118D14009B6C38 /* PublicationInfoRequirement.swift in Sources */ = {isa = PBXBuildFile; fileRef = 47E839EF2B118D14009B6C38 /* PublicationInfoRequirement.swift */; };
		47E839F32B118D50009B6C38 /* LikePublicationRequirement.swift in Sources */ = {isa = PBXBuildFile; fileRef = 47E839F22B118D50009B6C38 /* LikePublicationRequirement.swift */; };
		47E839F52B12C3B7009B6C38 /* CreatePublicationCommentRequirement.swift in Sources */ = {isa = PBXBuildFile; fileRef = 47E839F42B12C3B7009B6C38 /* CreatePublicationCommentRequirement.swift */; };
		47E839F72B18FCE3009B6C38 /* CreateCourseCommentRequirement.swift in Sources */ = {isa = PBXBuildFile; fileRef = 47E839F62B18FCE3009B6C38 /* CreateCourseCommentRequirement.swift */; };
		48DF029D2AF1BFEE005DE385 /* CertificationModel.swift in Sources */ = {isa = PBXBuildFile; fileRef = 48DF029C2AF1BFEE005DE385 /* CertificationModel.swift */; };
		48DF029F2AF1BFFE005DE385 /* CertificationRepository.swift in Sources */ = {isa = PBXBuildFile; fileRef = 48DF029E2AF1BFFE005DE385 /* CertificationRepository.swift */; };
		48DF02A12AF1C020005DE385 /* CertificationViewModel.swift in Sources */ = {isa = PBXBuildFile; fileRef = 48DF02A02AF1C020005DE385 /* CertificationViewModel.swift */; };
		48DF02A72AF1C066005DE385 /* CertificationListView.swift in Sources */ = {isa = PBXBuildFile; fileRef = 48DF02A62AF1C066005DE385 /* CertificationListView.swift */; };
		48DF02A92AF1C0BE005DE385 /* CertificationRequirement.swift in Sources */ = {isa = PBXBuildFile; fileRef = 48DF02A82AF1C0BE005DE385 /* CertificationRequirement.swift */; };
		48DF02AD2AF1C159005DE385 /* InicioView.swift in Sources */ = {isa = PBXBuildFile; fileRef = 48DF02AC2AF1C159005DE385 /* InicioView.swift */; };
		48DF02AF2AF1C31A005DE385 /* CertificationInfoCardView.swift in Sources */ = {isa = PBXBuildFile; fileRef = 48DF02AE2AF1C31A005DE385 /* CertificationInfoCardView.swift */; };
		48DF02B32AF2A45F005DE385 /* MenuView.swift in Sources */ = {isa = PBXBuildFile; fileRef = 48DF02B22AF2A45F005DE385 /* MenuView.swift */; };
		822E318C2AF41DD700822067 /* ScholarshipInfoCardView.swift in Sources */ = {isa = PBXBuildFile; fileRef = 822E318B2AF41DD700822067 /* ScholarshipInfoCardView.swift */; };
		82D779342B07BB3400121AB4 /* EditProfileViewModel.swift in Sources */ = {isa = PBXBuildFile; fileRef = 82D779332B07BB3400121AB4 /* EditProfileViewModel.swift */; };
		82D7793C2B07C33F00121AB4 /* EditProfileRequirement.swift in Sources */ = {isa = PBXBuildFile; fileRef = 82D7793B2B07C33F00121AB4 /* EditProfileRequirement.swift */; };
		82D7793E2B07C37E00121AB4 /* EditProfileRepository.swift in Sources */ = {isa = PBXBuildFile; fileRef = 82D7793D2B07C37D00121AB4 /* EditProfileRepository.swift */; };
		88A8804B2AF002F9009BC8EF /* ProgramDetailView.swift in Sources */ = {isa = PBXBuildFile; fileRef = 88A8804A2AF002F9009BC8EF /* ProgramDetailView.swift */; };
		88BDDD952AEAEF8500978F31 /* ProgramInfoCardView.swift in Sources */ = {isa = PBXBuildFile; fileRef = 88BDDD942AEAEF8500978F31 /* ProgramInfoCardView.swift */; };
		88BDDD972AEAF23C00978F31 /* ProgramListView.swift in Sources */ = {isa = PBXBuildFile; fileRef = 88BDDD962AEAF23C00978F31 /* ProgramListView.swift */; };
		88BDDD992AEAF72400978F31 /* ProgramViewModel.swift in Sources */ = {isa = PBXBuildFile; fileRef = 88BDDD982AEAF72400978F31 /* ProgramViewModel.swift */; };
		88BDDD9B2AEAF7A900978F31 /* ProgramModel.swift in Sources */ = {isa = PBXBuildFile; fileRef = 88BDDD9A2AEAF7A900978F31 /* ProgramModel.swift */; };
		88BDDD9D2AEAF9C100978F31 /* ServerResponseModel.swift in Sources */ = {isa = PBXBuildFile; fileRef = 88BDDD9C2AEAF9C100978F31 /* ServerResponseModel.swift */; };
		88BDDD9F2AEB075100978F31 /* ProgramRepository.swift in Sources */ = {isa = PBXBuildFile; fileRef = 88BDDD9E2AEB075100978F31 /* ProgramRepository.swift */; };
		88BDDDA12AEB0E8C00978F31 /* ProgramListRequirement.swift in Sources */ = {isa = PBXBuildFile; fileRef = 88BDDDA02AEB0E8C00978F31 /* ProgramListRequirement.swift */; };
		9D7F81092AE2D2D7002FA1E0 /* RROApp.swift in Sources */ = {isa = PBXBuildFile; fileRef = 9D7F81082AE2D2D7002FA1E0 /* RROApp.swift */; };
		9D7F810D2AE2D2DB002FA1E0 /* Assets.xcassets in Resources */ = {isa = PBXBuildFile; fileRef = 9D7F810C2AE2D2DB002FA1E0 /* Assets.xcassets */; };
		9D7F81102AE2D2DB002FA1E0 /* Preview Assets.xcassets in Resources */ = {isa = PBXBuildFile; fileRef = 9D7F810F2AE2D2DB002FA1E0 /* Preview Assets.xcassets */; };
		9D7F811A2AE2D2DC002FA1E0 /* RROTests.swift in Sources */ = {isa = PBXBuildFile; fileRef = 9D7F81192AE2D2DC002FA1E0 /* RROTests.swift */; };
		9D7F81242AE2D2DC002FA1E0 /* RROUITests.swift in Sources */ = {isa = PBXBuildFile; fileRef = 9D7F81232AE2D2DC002FA1E0 /* RROUITests.swift */; };
		9D7F81262AE2D2DC002FA1E0 /* RROUITestsLaunchTests.swift in Sources */ = {isa = PBXBuildFile; fileRef = 9D7F81252AE2D2DC002FA1E0 /* RROUITestsLaunchTests.swift */; };
		9D7F813B2AE2D422002FA1E0 /* NetworkAPIService.swift in Sources */ = {isa = PBXBuildFile; fileRef = 9D7F813A2AE2D422002FA1E0 /* NetworkAPIService.swift */; };
		9DB442CF2B117D5D00AEC6F0 /* CommentCardView.swift in Sources */ = {isa = PBXBuildFile; fileRef = 9DB442CE2B117D5D00AEC6F0 /* CommentCardView.swift */; };
		9DB442D12B117E0300AEC6F0 /* PubicationCommentsView.swift in Sources */ = {isa = PBXBuildFile; fileRef = 9DB442D02B117E0300AEC6F0 /* PubicationCommentsView.swift */; };
		AA16DD972AEEFD6C00688D0B /* CourseModel.swift in Sources */ = {isa = PBXBuildFile; fileRef = AA16DD962AEEFD6C00688D0B /* CourseModel.swift */; };
		AA16DD9B2AEF02D600688D0B /* CourseInfoCardView.swift in Sources */ = {isa = PBXBuildFile; fileRef = AA16DD9A2AEF02D600688D0B /* CourseInfoCardView.swift */; };
		AA16DD9D2AEF09B600688D0B /* CourseViewModel.swift in Sources */ = {isa = PBXBuildFile; fileRef = AA16DD9C2AEF09B600688D0B /* CourseViewModel.swift */; };
		AA16DD9F2AEF09F700688D0B /* CourseListRequirement.swift in Sources */ = {isa = PBXBuildFile; fileRef = AA16DD9E2AEF09F700688D0B /* CourseListRequirement.swift */; };
		AA16DDA12AEF0A1E00688D0B /* CourseRepository.swift in Sources */ = {isa = PBXBuildFile; fileRef = AA16DDA02AEF0A1E00688D0B /* CourseRepository.swift */; };
		AA930D3F2B1248730068F36E /* CoursesCommentsView.swift in Sources */ = {isa = PBXBuildFile; fileRef = AA930D3E2B1248730068F36E /* CoursesCommentsView.swift */; };
		AA930D412B1249C40068F36E /* CourseCommentCardView.swift in Sources */ = {isa = PBXBuildFile; fileRef = AA930D402B1249C40068F36E /* CourseCommentCardView.swift */; };
		AAFFBAB32AF1C4C800F8E392 /* CourseInfoViewModel.swift in Sources */ = {isa = PBXBuildFile; fileRef = AAFFBAB22AF1C4C800F8E392 /* CourseInfoViewModel.swift */; };
		BD5C22062AEF391A0002D85E /* FundationInformationModel.swift in Sources */ = {isa = PBXBuildFile; fileRef = BD5C22052AEF391A0002D85E /* FundationInformationModel.swift */; };
		BD5C22082AEF3D7B0002D85E /* FundationInformationRepository.swift in Sources */ = {isa = PBXBuildFile; fileRef = BD5C22072AEF3D7B0002D85E /* FundationInformationRepository.swift */; };
		BD5C220A2AEF3F5D0002D85E /* FundationInformationRequirement.swift in Sources */ = {isa = PBXBuildFile; fileRef = BD5C22092AEF3F5D0002D85E /* FundationInformationRequirement.swift */; };
		BD5C220C2AEF424D0002D85E /* FundationInformationViewModel.swift in Sources */ = {isa = PBXBuildFile; fileRef = BD5C220B2AEF424D0002D85E /* FundationInformationViewModel.swift */; };
		BD5D202E2AF43D9F001D8563 /* StringDateExtension.swift in Sources */ = {isa = PBXBuildFile; fileRef = BD5D202D2AF43D9F001D8563 /* StringDateExtension.swift */; };
		E12DEB2A2B03B0610045DD43 /* MyCoursesViewModel.swift in Sources */ = {isa = PBXBuildFile; fileRef = E12DEB292B03B0610045DD43 /* MyCoursesViewModel.swift */; };
		E12DEB2C2B03B1130045DD43 /* MyCoursesListRequirement.swift in Sources */ = {isa = PBXBuildFile; fileRef = E12DEB2B2B03B1130045DD43 /* MyCoursesListRequirement.swift */; };
		E175A8F12B057EFB00FD70F4 /* MyCourseInfoCardView.swift in Sources */ = {isa = PBXBuildFile; fileRef = E175A8F02B057EFB00FD70F4 /* MyCourseInfoCardView.swift */; };
		E175A8F32B057FDB00FD70F4 /* MyCourseDetailView.swift in Sources */ = {isa = PBXBuildFile; fileRef = E175A8F22B057FDB00FD70F4 /* MyCourseDetailView.swift */; };
		E19C90332B07B0D700E65202 /* CompanyInfoCardView.swift in Sources */ = {isa = PBXBuildFile; fileRef = E19C90322B07B0D700E65202 /* CompanyInfoCardView.swift */; };
		E1FEDACE2B03E39F00DE2CBD /* SigninView.swift in Sources */ = {isa = PBXBuildFile; fileRef = E1FEDACD2B03E39F00DE2CBD /* SigninView.swift */; };
		E1FEDAD02B03E65E00DE2CBD /* ScholarshipDetailView.swift in Sources */ = {isa = PBXBuildFile; fileRef = E1FEDACF2B03E65E00DE2CBD /* ScholarshipDetailView.swift */; };
		EE0BF5532AE80C8200844E68 /* ScholarshipViewModel.swift in Sources */ = {isa = PBXBuildFile; fileRef = EE0BF5522AE80C8200844E68 /* ScholarshipViewModel.swift */; };
		EE0BF5552AE80CF000844E68 /* ScholarshipModel.swift in Sources */ = {isa = PBXBuildFile; fileRef = EE0BF5542AE80CF000844E68 /* ScholarshipModel.swift */; };
		EE9F1EFB2AF20800008E3343 /* MenuView.swift in Sources */ = {isa = PBXBuildFile; fileRef = EE9F1EFA2AF20800008E3343 /* MenuView.swift */; };
		EEA42F0F2AF1A07300015BE5 /* UserSessionModel.swift in Sources */ = {isa = PBXBuildFile; fileRef = EEA42F0E2AF1A07300015BE5 /* UserSessionModel.swift */; };
		EEA42F112AF1A30900015BE5 /* RequestInterceptor.swift in Sources */ = {isa = PBXBuildFile; fileRef = EEA42F102AF1A30900015BE5 /* RequestInterceptor.swift */; };
		EEAA9D382AE2E26000282A82 /* Alamofire in Frameworks */ = {isa = PBXBuildFile; productRef = EEAA9D372AE2E26000282A82 /* Alamofire */; };
		EEAA9D3B2AE2E26E00282A82 /* FlowStacks in Frameworks */ = {isa = PBXBuildFile; productRef = EEAA9D3A2AE2E26E00282A82 /* FlowStacks */; };
		EEAA9D3E2AE2E27F00282A82 /* SDWebImageSwiftUI in Frameworks */ = {isa = PBXBuildFile; productRef = EEAA9D3D2AE2E27F00282A82 /* SDWebImageSwiftUI */; };
		EEAA9D412AE2E2D900282A82 /* ImagePicker.swift in Sources */ = {isa = PBXBuildFile; fileRef = EEAA9D402AE2E2D900282A82 /* ImagePicker.swift */; };
		EEAA9D452AE2E31A00282A82 /* CoordinatorView.swift in Sources */ = {isa = PBXBuildFile; fileRef = EEAA9D442AE2E31A00282A82 /* CoordinatorView.swift */; };
		EEAA9D472AE2E34300282A82 /* LoginView.swift in Sources */ = {isa = PBXBuildFile; fileRef = EEAA9D462AE2E34300282A82 /* LoginView.swift */; };
		EEAA9D492AE2E35900282A82 /* RestoreView.swift in Sources */ = {isa = PBXBuildFile; fileRef = EEAA9D482AE2E35900282A82 /* RestoreView.swift */; };
		EEAA9D4E2AE2E3AD00282A82 /* CoursesView.swift in Sources */ = {isa = PBXBuildFile; fileRef = EEAA9D4D2AE2E3AD00282A82 /* CoursesView.swift */; };
		EEAA9D502AE2E3CE00282A82 /* CourseDetailView.swift in Sources */ = {isa = PBXBuildFile; fileRef = EEAA9D4F2AE2E3CE00282A82 /* CourseDetailView.swift */; };
		EEAA9D522AE2E3EF00282A82 /* PaymentSheetView.swift in Sources */ = {isa = PBXBuildFile; fileRef = EEAA9D512AE2E3EF00282A82 /* PaymentSheetView.swift */; };
		EEAA9D542AE2E40000282A82 /* ProfileDetailView.swift in Sources */ = {isa = PBXBuildFile; fileRef = EEAA9D532AE2E40000282A82 /* ProfileDetailView.swift */; };
		EEAA9D562AE2E42E00282A82 /* VoucherSheetView.swift in Sources */ = {isa = PBXBuildFile; fileRef = EEAA9D552AE2E42E00282A82 /* VoucherSheetView.swift */; };
		EEAA9D582AE2E45B00282A82 /* FAQView.swift in Sources */ = {isa = PBXBuildFile; fileRef = EEAA9D572AE2E45B00282A82 /* FAQView.swift */; };
		EEAA9D5A2AE2E48000282A82 /* FeedView.swift in Sources */ = {isa = PBXBuildFile; fileRef = EEAA9D592AE2E48000282A82 /* FeedView.swift */; };
		EEAA9D5E2AE2E4B800282A82 /* ProfileView.swift in Sources */ = {isa = PBXBuildFile; fileRef = EEAA9D5D2AE2E4B700282A82 /* ProfileView.swift */; };
		EEB604D92AF06F9B0088A355 /* SigninModel.swift in Sources */ = {isa = PBXBuildFile; fileRef = EEB604D82AF06F9B0088A355 /* SigninModel.swift */; };
		EEB604DB2AF07C1C0088A355 /* SigninViewModel.swift in Sources */ = {isa = PBXBuildFile; fileRef = EEB604DA2AF07C1C0088A355 /* SigninViewModel.swift */; };
		EEB604DD2AF080730088A355 /* SigninRepository.swift in Sources */ = {isa = PBXBuildFile; fileRef = EEB604DC2AF080730088A355 /* SigninRepository.swift */; };
		EEB604DF2AF085250088A355 /* SigninRequirement.swift in Sources */ = {isa = PBXBuildFile; fileRef = EEB604DE2AF085250088A355 /* SigninRequirement.swift */; };
		EEDD93F42AE8E7EC0066AD71 /* ScholarshipInfoRequirement.swift in Sources */ = {isa = PBXBuildFile; fileRef = EEDD93F32AE8E7EC0066AD71 /* ScholarshipInfoRequirement.swift */; };
		EEDD93F62AE8E8BC0066AD71 /* ScholarshipRepository.swift in Sources */ = {isa = PBXBuildFile; fileRef = EEDD93F52AE8E8BC0066AD71 /* ScholarshipRepository.swift */; };
		EEDD93F82AE8E9450066AD71 /* RROAPI.swift in Sources */ = {isa = PBXBuildFile; fileRef = EEDD93F72AE8E9450066AD71 /* RROAPI.swift */; };
		EEDD93FC2AE966330066AD71 /* ScholarshipListRequirement.swift in Sources */ = {isa = PBXBuildFile; fileRef = EEDD93FB2AE966320066AD71 /* ScholarshipListRequirement.swift */; };
		EEDD93FE2AE974A20066AD71 /* ScholarshipsView.swift in Sources */ = {isa = PBXBuildFile; fileRef = EEDD93FD2AE974A20066AD71 /* ScholarshipsView.swift */; };
		EEE4AC332AF1CB20009F8E89 /* LocalService.swift in Sources */ = {isa = PBXBuildFile; fileRef = EEE4AC322AF1CB20009F8E89 /* LocalService.swift */; };
		EEE4AC352AF1F73B009F8E89 /* NetworkError.swift in Sources */ = {isa = PBXBuildFile; fileRef = EEE4AC342AF1F73B009F8E89 /* NetworkError.swift */; };
		F64162BC2AF005B100B25E0E /* EventInfoCardView.swift in Sources */ = {isa = PBXBuildFile; fileRef = F64162BB2AF005B100B25E0E /* EventInfoCardView.swift */; };
		F64162BE2AF00A8000B25E0E /* EventViewModel.swift in Sources */ = {isa = PBXBuildFile; fileRef = F64162BD2AF00A7F00B25E0E /* EventViewModel.swift */; };
		F64162C12AF00B0400B25E0E /* EventRepository.swift in Sources */ = {isa = PBXBuildFile; fileRef = F64162C02AF00B0400B25E0E /* EventRepository.swift */; };
		F64162C32AF00B6600B25E0E /* EventModel.swift in Sources */ = {isa = PBXBuildFile; fileRef = F64162C22AF00B6600B25E0E /* EventModel.swift */; };
		F64162C52AF00BCD00B25E0E /* EventRequirement.swift in Sources */ = {isa = PBXBuildFile; fileRef = F64162C42AF00BCD00B25E0E /* EventRequirement.swift */; };
		F64162C72AF00CB000B25E0E /* EventListView.swift in Sources */ = {isa = PBXBuildFile; fileRef = F64162C62AF00CB000B25E0E /* EventListView.swift */; };
		F64162C92AF0121200B25E0E /* EventDetailView.swift in Sources */ = {isa = PBXBuildFile; fileRef = F64162C82AF0121200B25E0E /* EventDetailView.swift */; };
/* End PBXBuildFile section */

/* Begin PBXContainerItemProxy section */
		9D7F81162AE2D2DC002FA1E0 /* PBXContainerItemProxy */ = {
			isa = PBXContainerItemProxy;
			containerPortal = 9D7F80FD2AE2D2D7002FA1E0 /* Project object */;
			proxyType = 1;
			remoteGlobalIDString = 9D7F81042AE2D2D7002FA1E0;
			remoteInfo = RRO;
		};
		9D7F81202AE2D2DC002FA1E0 /* PBXContainerItemProxy */ = {
			isa = PBXContainerItemProxy;
			containerPortal = 9D7F80FD2AE2D2D7002FA1E0 /* Project object */;
			proxyType = 1;
			remoteGlobalIDString = 9D7F81042AE2D2D7002FA1E0;
			remoteInfo = RRO;
		};
/* End PBXContainerItemProxy section */

/* Begin PBXFileReference section */
		031D18A82AF94EB700372171 /* CompanyListView.swift */ = {isa = PBXFileReference; lastKnownFileType = sourcecode.swift; path = CompanyListView.swift; sourceTree = "<group>"; };
		031D18AA2AF94F7600372171 /* CompanyViewModel.swift */ = {isa = PBXFileReference; lastKnownFileType = sourcecode.swift; path = CompanyViewModel.swift; sourceTree = "<group>"; };
		031D18AC2AF9501F00372171 /* CompanyDetailView.swift */ = {isa = PBXFileReference; lastKnownFileType = sourcecode.swift; path = CompanyDetailView.swift; sourceTree = "<group>"; };
		031D18B02AF950D800372171 /* CompanyRequirement.swift */ = {isa = PBXFileReference; lastKnownFileType = sourcecode.swift; path = CompanyRequirement.swift; sourceTree = "<group>"; };
		031D18B22AF9512300372171 /* CompanyRepository.swift */ = {isa = PBXFileReference; lastKnownFileType = sourcecode.swift; path = CompanyRepository.swift; sourceTree = "<group>"; };
		031D18B62AFAFA7200372171 /* CompanyModel.swift */ = {isa = PBXFileReference; lastKnownFileType = sourcecode.swift; path = CompanyModel.swift; sourceTree = "<group>"; };
		470069C62AF3F86D006BC4FD /* LogoutRepository.swift */ = {isa = PBXFileReference; lastKnownFileType = sourcecode.swift; path = LogoutRepository.swift; sourceTree = "<group>"; };
		470069C82AF3F9A0006BC4FD /* LogoutViewModel.swift */ = {isa = PBXFileReference; lastKnownFileType = sourcecode.swift; path = LogoutViewModel.swift; sourceTree = "<group>"; };
		471ED0872AF1AB3F00AD61F7 /* CourseInfoRequirement.swift */ = {isa = PBXFileReference; lastKnownFileType = sourcecode.swift; path = CourseInfoRequirement.swift; sourceTree = "<group>"; };
		4730B8782AE9D03800337D05 /* LoginModel.swift */ = {isa = PBXFileReference; lastKnownFileType = sourcecode.swift; path = LoginModel.swift; sourceTree = "<group>"; };
		4777A67A2AEA348C00FB4388 /* LoginRepository.swift */ = {isa = PBXFileReference; lastKnownFileType = sourcecode.swift; path = LoginRepository.swift; sourceTree = "<group>"; };
		478932CE2B056FD60071F839 /* PublicationCardView.swift */ = {isa = PBXFileReference; lastKnownFileType = sourcecode.swift; path = PublicationCardView.swift; sourceTree = "<group>"; };
		47A333452AE890EB008D2448 /* LoginViewModel.swift */ = {isa = PBXFileReference; lastKnownFileType = sourcecode.swift; path = LoginViewModel.swift; sourceTree = "<group>"; };
		47D08D9D2B080E7B0082F385 /* ExpandableText.swift */ = {isa = PBXFileReference; lastKnownFileType = sourcecode.swift; path = ExpandableText.swift; sourceTree = "<group>"; };
		47E471562B058F5300B0B9C3 /* PublicationView.swift */ = {isa = PBXFileReference; lastKnownFileType = sourcecode.swift; path = PublicationView.swift; sourceTree = "<group>"; };
		47E471582B0593E200B0B9C3 /* PublicationViewModel.swift */ = {isa = PBXFileReference; lastKnownFileType = sourcecode.swift; path = PublicationViewModel.swift; sourceTree = "<group>"; };
		47E4715A2B0595E500B0B9C3 /* PublicationModel.swift */ = {isa = PBXFileReference; lastKnownFileType = sourcecode.swift; path = PublicationModel.swift; sourceTree = "<group>"; };
		47E4715C2B05996A00B0B9C3 /* PublicationRepository.swift */ = {isa = PBXFileReference; lastKnownFileType = sourcecode.swift; path = PublicationRepository.swift; sourceTree = "<group>"; };
		47E4715E2B059CFA00B0B9C3 /* PublicationListRequirement.swift */ = {isa = PBXFileReference; lastKnownFileType = sourcecode.swift; path = PublicationListRequirement.swift; sourceTree = "<group>"; };
		47E839EF2B118D14009B6C38 /* PublicationInfoRequirement.swift */ = {isa = PBXFileReference; lastKnownFileType = sourcecode.swift; path = PublicationInfoRequirement.swift; sourceTree = "<group>"; };
		47E839F22B118D50009B6C38 /* LikePublicationRequirement.swift */ = {isa = PBXFileReference; lastKnownFileType = sourcecode.swift; path = LikePublicationRequirement.swift; sourceTree = "<group>"; };
		47E839F42B12C3B7009B6C38 /* CreatePublicationCommentRequirement.swift */ = {isa = PBXFileReference; lastKnownFileType = sourcecode.swift; path = CreatePublicationCommentRequirement.swift; sourceTree = "<group>"; };
		47E839F62B18FCE3009B6C38 /* CreateCourseCommentRequirement.swift */ = {isa = PBXFileReference; lastKnownFileType = sourcecode.swift; path = CreateCourseCommentRequirement.swift; sourceTree = "<group>"; };
		48DF029C2AF1BFEE005DE385 /* CertificationModel.swift */ = {isa = PBXFileReference; fileEncoding = 4; lastKnownFileType = sourcecode.swift; path = CertificationModel.swift; sourceTree = "<group>"; };
		48DF029E2AF1BFFE005DE385 /* CertificationRepository.swift */ = {isa = PBXFileReference; fileEncoding = 4; lastKnownFileType = sourcecode.swift; path = CertificationRepository.swift; sourceTree = "<group>"; };
		48DF02A02AF1C020005DE385 /* CertificationViewModel.swift */ = {isa = PBXFileReference; fileEncoding = 4; lastKnownFileType = sourcecode.swift; path = CertificationViewModel.swift; sourceTree = "<group>"; };
		48DF02A62AF1C066005DE385 /* CertificationListView.swift */ = {isa = PBXFileReference; fileEncoding = 4; lastKnownFileType = sourcecode.swift; path = CertificationListView.swift; sourceTree = "<group>"; };
		48DF02A82AF1C0BE005DE385 /* CertificationRequirement.swift */ = {isa = PBXFileReference; fileEncoding = 4; lastKnownFileType = sourcecode.swift; path = CertificationRequirement.swift; sourceTree = "<group>"; };
		48DF02AC2AF1C159005DE385 /* InicioView.swift */ = {isa = PBXFileReference; fileEncoding = 4; lastKnownFileType = sourcecode.swift; path = InicioView.swift; sourceTree = "<group>"; };
		48DF02AE2AF1C31A005DE385 /* CertificationInfoCardView.swift */ = {isa = PBXFileReference; fileEncoding = 4; lastKnownFileType = sourcecode.swift; path = CertificationInfoCardView.swift; sourceTree = "<group>"; };
		48DF02B22AF2A45F005DE385 /* MenuView.swift */ = {isa = PBXFileReference; lastKnownFileType = sourcecode.swift; path = MenuView.swift; sourceTree = "<group>"; };
		822E318B2AF41DD700822067 /* ScholarshipInfoCardView.swift */ = {isa = PBXFileReference; lastKnownFileType = sourcecode.swift; path = ScholarshipInfoCardView.swift; sourceTree = "<group>"; };
		82D779332B07BB3400121AB4 /* EditProfileViewModel.swift */ = {isa = PBXFileReference; lastKnownFileType = sourcecode.swift; path = EditProfileViewModel.swift; sourceTree = "<group>"; };
		82D7793B2B07C33F00121AB4 /* EditProfileRequirement.swift */ = {isa = PBXFileReference; lastKnownFileType = sourcecode.swift; path = EditProfileRequirement.swift; sourceTree = "<group>"; };
		82D7793D2B07C37D00121AB4 /* EditProfileRepository.swift */ = {isa = PBXFileReference; lastKnownFileType = sourcecode.swift; path = EditProfileRepository.swift; sourceTree = "<group>"; };
		88A8804A2AF002F9009BC8EF /* ProgramDetailView.swift */ = {isa = PBXFileReference; lastKnownFileType = sourcecode.swift; path = ProgramDetailView.swift; sourceTree = "<group>"; };
		88BDDD942AEAEF8500978F31 /* ProgramInfoCardView.swift */ = {isa = PBXFileReference; lastKnownFileType = sourcecode.swift; path = ProgramInfoCardView.swift; sourceTree = "<group>"; };
		88BDDD962AEAF23C00978F31 /* ProgramListView.swift */ = {isa = PBXFileReference; lastKnownFileType = sourcecode.swift; path = ProgramListView.swift; sourceTree = "<group>"; };
		88BDDD982AEAF72400978F31 /* ProgramViewModel.swift */ = {isa = PBXFileReference; lastKnownFileType = sourcecode.swift; path = ProgramViewModel.swift; sourceTree = "<group>"; };
		88BDDD9A2AEAF7A900978F31 /* ProgramModel.swift */ = {isa = PBXFileReference; lastKnownFileType = sourcecode.swift; path = ProgramModel.swift; sourceTree = "<group>"; };
		88BDDD9C2AEAF9C100978F31 /* ServerResponseModel.swift */ = {isa = PBXFileReference; lastKnownFileType = sourcecode.swift; path = ServerResponseModel.swift; sourceTree = "<group>"; };
		88BDDD9E2AEB075100978F31 /* ProgramRepository.swift */ = {isa = PBXFileReference; lastKnownFileType = sourcecode.swift; path = ProgramRepository.swift; sourceTree = "<group>"; };
		88BDDDA02AEB0E8C00978F31 /* ProgramListRequirement.swift */ = {isa = PBXFileReference; lastKnownFileType = sourcecode.swift; path = ProgramListRequirement.swift; sourceTree = "<group>"; };
		9D7F81052AE2D2D7002FA1E0 /* RRO.app */ = {isa = PBXFileReference; explicitFileType = wrapper.application; includeInIndex = 0; path = RRO.app; sourceTree = BUILT_PRODUCTS_DIR; };
		9D7F81082AE2D2D7002FA1E0 /* RROApp.swift */ = {isa = PBXFileReference; lastKnownFileType = sourcecode.swift; path = RROApp.swift; sourceTree = "<group>"; };
		9D7F810C2AE2D2DB002FA1E0 /* Assets.xcassets */ = {isa = PBXFileReference; lastKnownFileType = folder.assetcatalog; path = Assets.xcassets; sourceTree = "<group>"; };
		9D7F810F2AE2D2DB002FA1E0 /* Preview Assets.xcassets */ = {isa = PBXFileReference; lastKnownFileType = folder.assetcatalog; path = "Preview Assets.xcassets"; sourceTree = "<group>"; };
		9D7F81152AE2D2DC002FA1E0 /* RROTests.xctest */ = {isa = PBXFileReference; explicitFileType = wrapper.cfbundle; includeInIndex = 0; path = RROTests.xctest; sourceTree = BUILT_PRODUCTS_DIR; };
		9D7F81192AE2D2DC002FA1E0 /* RROTests.swift */ = {isa = PBXFileReference; lastKnownFileType = sourcecode.swift; path = RROTests.swift; sourceTree = "<group>"; };
		9D7F811F2AE2D2DC002FA1E0 /* RROUITests.xctest */ = {isa = PBXFileReference; explicitFileType = wrapper.cfbundle; includeInIndex = 0; path = RROUITests.xctest; sourceTree = BUILT_PRODUCTS_DIR; };
		9D7F81232AE2D2DC002FA1E0 /* RROUITests.swift */ = {isa = PBXFileReference; lastKnownFileType = sourcecode.swift; path = RROUITests.swift; sourceTree = "<group>"; };
		9D7F81252AE2D2DC002FA1E0 /* RROUITestsLaunchTests.swift */ = {isa = PBXFileReference; lastKnownFileType = sourcecode.swift; path = RROUITestsLaunchTests.swift; sourceTree = "<group>"; };
		9D7F813A2AE2D422002FA1E0 /* NetworkAPIService.swift */ = {isa = PBXFileReference; lastKnownFileType = sourcecode.swift; path = NetworkAPIService.swift; sourceTree = "<group>"; };
		9DB442CE2B117D5D00AEC6F0 /* CommentCardView.swift */ = {isa = PBXFileReference; lastKnownFileType = sourcecode.swift; path = CommentCardView.swift; sourceTree = "<group>"; };
		9DB442D02B117E0300AEC6F0 /* PubicationCommentsView.swift */ = {isa = PBXFileReference; lastKnownFileType = sourcecode.swift; path = PubicationCommentsView.swift; sourceTree = "<group>"; };
		AA16DD962AEEFD6C00688D0B /* CourseModel.swift */ = {isa = PBXFileReference; lastKnownFileType = sourcecode.swift; path = CourseModel.swift; sourceTree = "<group>"; };
		AA16DD9A2AEF02D600688D0B /* CourseInfoCardView.swift */ = {isa = PBXFileReference; lastKnownFileType = sourcecode.swift; path = CourseInfoCardView.swift; sourceTree = "<group>"; };
		AA16DD9C2AEF09B600688D0B /* CourseViewModel.swift */ = {isa = PBXFileReference; lastKnownFileType = sourcecode.swift; path = CourseViewModel.swift; sourceTree = "<group>"; };
		AA16DD9E2AEF09F700688D0B /* CourseListRequirement.swift */ = {isa = PBXFileReference; lastKnownFileType = sourcecode.swift; path = CourseListRequirement.swift; sourceTree = "<group>"; };
		AA16DDA02AEF0A1E00688D0B /* CourseRepository.swift */ = {isa = PBXFileReference; lastKnownFileType = sourcecode.swift; path = CourseRepository.swift; sourceTree = "<group>"; };
		AA930D3E2B1248730068F36E /* CoursesCommentsView.swift */ = {isa = PBXFileReference; lastKnownFileType = sourcecode.swift; path = CoursesCommentsView.swift; sourceTree = "<group>"; };
		AA930D402B1249C40068F36E /* CourseCommentCardView.swift */ = {isa = PBXFileReference; lastKnownFileType = sourcecode.swift; path = CourseCommentCardView.swift; sourceTree = "<group>"; };
		AAFFBAB22AF1C4C800F8E392 /* CourseInfoViewModel.swift */ = {isa = PBXFileReference; lastKnownFileType = sourcecode.swift; path = CourseInfoViewModel.swift; sourceTree = "<group>"; };
		BD5C22052AEF391A0002D85E /* FundationInformationModel.swift */ = {isa = PBXFileReference; lastKnownFileType = sourcecode.swift; path = FundationInformationModel.swift; sourceTree = "<group>"; };
		BD5C22072AEF3D7B0002D85E /* FundationInformationRepository.swift */ = {isa = PBXFileReference; lastKnownFileType = sourcecode.swift; path = FundationInformationRepository.swift; sourceTree = "<group>"; };
		BD5C22092AEF3F5D0002D85E /* FundationInformationRequirement.swift */ = {isa = PBXFileReference; lastKnownFileType = sourcecode.swift; path = FundationInformationRequirement.swift; sourceTree = "<group>"; };
		BD5C220B2AEF424D0002D85E /* FundationInformationViewModel.swift */ = {isa = PBXFileReference; lastKnownFileType = sourcecode.swift; path = FundationInformationViewModel.swift; sourceTree = "<group>"; };
		BD5D202D2AF43D9F001D8563 /* StringDateExtension.swift */ = {isa = PBXFileReference; fileEncoding = 4; lastKnownFileType = sourcecode.swift; path = StringDateExtension.swift; sourceTree = "<group>"; };
		E12DEB292B03B0610045DD43 /* MyCoursesViewModel.swift */ = {isa = PBXFileReference; lastKnownFileType = sourcecode.swift; path = MyCoursesViewModel.swift; sourceTree = "<group>"; };
		E12DEB2B2B03B1130045DD43 /* MyCoursesListRequirement.swift */ = {isa = PBXFileReference; lastKnownFileType = sourcecode.swift; path = MyCoursesListRequirement.swift; sourceTree = "<group>"; };
		E175A8F02B057EFB00FD70F4 /* MyCourseInfoCardView.swift */ = {isa = PBXFileReference; lastKnownFileType = sourcecode.swift; path = MyCourseInfoCardView.swift; sourceTree = "<group>"; };
		E175A8F22B057FDB00FD70F4 /* MyCourseDetailView.swift */ = {isa = PBXFileReference; lastKnownFileType = sourcecode.swift; path = MyCourseDetailView.swift; sourceTree = "<group>"; };
		E19C90322B07B0D700E65202 /* CompanyInfoCardView.swift */ = {isa = PBXFileReference; fileEncoding = 4; lastKnownFileType = sourcecode.swift; path = CompanyInfoCardView.swift; sourceTree = "<group>"; };
		E1FEDACD2B03E39F00DE2CBD /* SigninView.swift */ = {isa = PBXFileReference; fileEncoding = 4; lastKnownFileType = sourcecode.swift; path = SigninView.swift; sourceTree = "<group>"; };
		E1FEDACF2B03E65E00DE2CBD /* ScholarshipDetailView.swift */ = {isa = PBXFileReference; fileEncoding = 4; lastKnownFileType = sourcecode.swift; path = ScholarshipDetailView.swift; sourceTree = "<group>"; };
		EE0BF5522AE80C8200844E68 /* ScholarshipViewModel.swift */ = {isa = PBXFileReference; lastKnownFileType = sourcecode.swift; path = ScholarshipViewModel.swift; sourceTree = "<group>"; };
		EE0BF5542AE80CF000844E68 /* ScholarshipModel.swift */ = {isa = PBXFileReference; lastKnownFileType = sourcecode.swift; path = ScholarshipModel.swift; sourceTree = "<group>"; };
		EE9F1EFA2AF20800008E3343 /* MenuView.swift */ = {isa = PBXFileReference; fileEncoding = 4; lastKnownFileType = sourcecode.swift; path = MenuView.swift; sourceTree = "<group>"; };
		EEA42F0E2AF1A07300015BE5 /* UserSessionModel.swift */ = {isa = PBXFileReference; lastKnownFileType = sourcecode.swift; path = UserSessionModel.swift; sourceTree = "<group>"; };
		EEA42F102AF1A30900015BE5 /* RequestInterceptor.swift */ = {isa = PBXFileReference; lastKnownFileType = sourcecode.swift; path = RequestInterceptor.swift; sourceTree = "<group>"; };
		EEAA9D402AE2E2D900282A82 /* ImagePicker.swift */ = {isa = PBXFileReference; lastKnownFileType = sourcecode.swift; path = ImagePicker.swift; sourceTree = "<group>"; };
		EEAA9D442AE2E31A00282A82 /* CoordinatorView.swift */ = {isa = PBXFileReference; lastKnownFileType = sourcecode.swift; path = CoordinatorView.swift; sourceTree = "<group>"; };
		EEAA9D462AE2E34300282A82 /* LoginView.swift */ = {isa = PBXFileReference; lastKnownFileType = sourcecode.swift; path = LoginView.swift; sourceTree = "<group>"; };
		EEAA9D482AE2E35900282A82 /* RestoreView.swift */ = {isa = PBXFileReference; lastKnownFileType = sourcecode.swift; path = RestoreView.swift; sourceTree = "<group>"; };
		EEAA9D4D2AE2E3AD00282A82 /* CoursesView.swift */ = {isa = PBXFileReference; lastKnownFileType = sourcecode.swift; path = CoursesView.swift; sourceTree = "<group>"; };
		EEAA9D4F2AE2E3CE00282A82 /* CourseDetailView.swift */ = {isa = PBXFileReference; lastKnownFileType = sourcecode.swift; path = CourseDetailView.swift; sourceTree = "<group>"; };
		EEAA9D512AE2E3EF00282A82 /* PaymentSheetView.swift */ = {isa = PBXFileReference; lastKnownFileType = sourcecode.swift; path = PaymentSheetView.swift; sourceTree = "<group>"; };
		EEAA9D532AE2E40000282A82 /* ProfileDetailView.swift */ = {isa = PBXFileReference; lastKnownFileType = sourcecode.swift; path = ProfileDetailView.swift; sourceTree = "<group>"; };
		EEAA9D552AE2E42E00282A82 /* VoucherSheetView.swift */ = {isa = PBXFileReference; lastKnownFileType = sourcecode.swift; path = VoucherSheetView.swift; sourceTree = "<group>"; };
		EEAA9D572AE2E45B00282A82 /* FAQView.swift */ = {isa = PBXFileReference; lastKnownFileType = sourcecode.swift; path = FAQView.swift; sourceTree = "<group>"; };
		EEAA9D592AE2E48000282A82 /* FeedView.swift */ = {isa = PBXFileReference; lastKnownFileType = sourcecode.swift; path = FeedView.swift; sourceTree = "<group>"; };
		EEAA9D5D2AE2E4B700282A82 /* ProfileView.swift */ = {isa = PBXFileReference; lastKnownFileType = sourcecode.swift; path = ProfileView.swift; sourceTree = "<group>"; };
		EEB604D82AF06F9B0088A355 /* SigninModel.swift */ = {isa = PBXFileReference; lastKnownFileType = sourcecode.swift; path = SigninModel.swift; sourceTree = "<group>"; };
		EEB604DA2AF07C1C0088A355 /* SigninViewModel.swift */ = {isa = PBXFileReference; lastKnownFileType = sourcecode.swift; path = SigninViewModel.swift; sourceTree = "<group>"; };
		EEB604DC2AF080730088A355 /* SigninRepository.swift */ = {isa = PBXFileReference; lastKnownFileType = sourcecode.swift; path = SigninRepository.swift; sourceTree = "<group>"; };
		EEB604DE2AF085250088A355 /* SigninRequirement.swift */ = {isa = PBXFileReference; lastKnownFileType = sourcecode.swift; path = SigninRequirement.swift; sourceTree = "<group>"; };
		EEDD93F32AE8E7EC0066AD71 /* ScholarshipInfoRequirement.swift */ = {isa = PBXFileReference; lastKnownFileType = sourcecode.swift; path = ScholarshipInfoRequirement.swift; sourceTree = "<group>"; };
		EEDD93F52AE8E8BC0066AD71 /* ScholarshipRepository.swift */ = {isa = PBXFileReference; lastKnownFileType = sourcecode.swift; path = ScholarshipRepository.swift; sourceTree = "<group>"; };
		EEDD93F72AE8E9450066AD71 /* RROAPI.swift */ = {isa = PBXFileReference; lastKnownFileType = sourcecode.swift; path = RROAPI.swift; sourceTree = "<group>"; };
		EEDD93FB2AE966320066AD71 /* ScholarshipListRequirement.swift */ = {isa = PBXFileReference; lastKnownFileType = sourcecode.swift; path = ScholarshipListRequirement.swift; sourceTree = "<group>"; };
		EEDD93FD2AE974A20066AD71 /* ScholarshipsView.swift */ = {isa = PBXFileReference; lastKnownFileType = sourcecode.swift; path = ScholarshipsView.swift; sourceTree = "<group>"; };
		EEE4AC322AF1CB20009F8E89 /* LocalService.swift */ = {isa = PBXFileReference; lastKnownFileType = sourcecode.swift; path = LocalService.swift; sourceTree = "<group>"; };
		EEE4AC342AF1F73B009F8E89 /* NetworkError.swift */ = {isa = PBXFileReference; lastKnownFileType = sourcecode.swift; path = NetworkError.swift; sourceTree = "<group>"; };
		F64162BB2AF005B100B25E0E /* EventInfoCardView.swift */ = {isa = PBXFileReference; lastKnownFileType = sourcecode.swift; path = EventInfoCardView.swift; sourceTree = "<group>"; };
		F64162BD2AF00A7F00B25E0E /* EventViewModel.swift */ = {isa = PBXFileReference; lastKnownFileType = sourcecode.swift; path = EventViewModel.swift; sourceTree = "<group>"; };
		F64162C02AF00B0400B25E0E /* EventRepository.swift */ = {isa = PBXFileReference; lastKnownFileType = sourcecode.swift; path = EventRepository.swift; sourceTree = "<group>"; };
		F64162C22AF00B6600B25E0E /* EventModel.swift */ = {isa = PBXFileReference; lastKnownFileType = sourcecode.swift; path = EventModel.swift; sourceTree = "<group>"; };
		F64162C42AF00BCD00B25E0E /* EventRequirement.swift */ = {isa = PBXFileReference; lastKnownFileType = sourcecode.swift; path = EventRequirement.swift; sourceTree = "<group>"; };
		F64162C62AF00CB000B25E0E /* EventListView.swift */ = {isa = PBXFileReference; lastKnownFileType = sourcecode.swift; path = EventListView.swift; sourceTree = "<group>"; };
		F64162C82AF0121200B25E0E /* EventDetailView.swift */ = {isa = PBXFileReference; lastKnownFileType = sourcecode.swift; path = EventDetailView.swift; sourceTree = "<group>"; };
/* End PBXFileReference section */

/* Begin PBXFrameworksBuildPhase section */
		9D7F81022AE2D2D7002FA1E0 /* Frameworks */ = {
			isa = PBXFrameworksBuildPhase;
			buildActionMask = 2147483647;
			files = (
				EEAA9D3E2AE2E27F00282A82 /* SDWebImageSwiftUI in Frameworks */,
				EEAA9D382AE2E26000282A82 /* Alamofire in Frameworks */,
				EEAA9D3B2AE2E26E00282A82 /* FlowStacks in Frameworks */,
				47E471552B057F1400B0B9C3 /* ExpandableText in Frameworks */,
			);
			runOnlyForDeploymentPostprocessing = 0;
		};
		9D7F81122AE2D2DC002FA1E0 /* Frameworks */ = {
			isa = PBXFrameworksBuildPhase;
			buildActionMask = 2147483647;
			files = (
			);
			runOnlyForDeploymentPostprocessing = 0;
		};
		9D7F811C2AE2D2DC002FA1E0 /* Frameworks */ = {
			isa = PBXFrameworksBuildPhase;
			buildActionMask = 2147483647;
			files = (
			);
			runOnlyForDeploymentPostprocessing = 0;
		};
/* End PBXFrameworksBuildPhase section */

/* Begin PBXGroup section */
		88BDDD932AEAEF6F00978F31 /* Components */ = {
			isa = PBXGroup;
			children = (
				48DF02AE2AF1C31A005DE385 /* CertificationInfoCardView.swift */,
				88BDDD942AEAEF8500978F31 /* ProgramInfoCardView.swift */,
				E19C90322B07B0D700E65202 /* CompanyInfoCardView.swift */,
				F64162BB2AF005B100B25E0E /* EventInfoCardView.swift */,
				AA16DD9A2AEF02D600688D0B /* CourseInfoCardView.swift */,
				822E318B2AF41DD700822067 /* ScholarshipInfoCardView.swift */,
				E175A8F02B057EFB00FD70F4 /* MyCourseInfoCardView.swift */,
				478932CE2B056FD60071F839 /* PublicationCardView.swift */,
				47D08D9D2B080E7B0082F385 /* ExpandableText.swift */,
				9DB442CE2B117D5D00AEC6F0 /* CommentCardView.swift */,
				AA930D402B1249C40068F36E /* CourseCommentCardView.swift */,
			);
			path = Components;
			sourceTree = "<group>";
		};
		9D7F80FC2AE2D2D7002FA1E0 = {
			isa = PBXGroup;
			children = (
				9D7F81072AE2D2D7002FA1E0 /* RRO */,
				9D7F81182AE2D2DC002FA1E0 /* RROTests */,
				9D7F81222AE2D2DC002FA1E0 /* RROUITests */,
				9D7F81062AE2D2D7002FA1E0 /* Products */,
			);
			sourceTree = "<group>";
		};
		9D7F81062AE2D2D7002FA1E0 /* Products */ = {
			isa = PBXGroup;
			children = (
				9D7F81052AE2D2D7002FA1E0 /* RRO.app */,
				9D7F81152AE2D2DC002FA1E0 /* RROTests.xctest */,
				9D7F811F2AE2D2DC002FA1E0 /* RROUITests.xctest */,
			);
			name = Products;
			sourceTree = "<group>";
		};
		9D7F81072AE2D2D7002FA1E0 /* RRO */ = {
			isa = PBXGroup;
			children = (
				BD2EB2FF2AF4399F009CE71E /* Utils */,
				9D7F81342AE2D377002FA1E0 /* Framework */,
				9D7F81332AE2D36E002FA1E0 /* Domain */,
				9D7F81322AE2D363002FA1E0 /* Data */,
				9D7F81082AE2D2D7002FA1E0 /* RROApp.swift */,
				9D7F810C2AE2D2DB002FA1E0 /* Assets.xcassets */,
				9D7F810E2AE2D2DB002FA1E0 /* Preview Content */,
			);
			path = RRO;
			sourceTree = "<group>";
		};
		9D7F810E2AE2D2DB002FA1E0 /* Preview Content */ = {
			isa = PBXGroup;
			children = (
				9D7F810F2AE2D2DB002FA1E0 /* Preview Assets.xcassets */,
			);
			path = "Preview Content";
			sourceTree = "<group>";
		};
		9D7F81182AE2D2DC002FA1E0 /* RROTests */ = {
			isa = PBXGroup;
			children = (
				9D7F81192AE2D2DC002FA1E0 /* RROTests.swift */,
			);
			path = RROTests;
			sourceTree = "<group>";
		};
		9D7F81222AE2D2DC002FA1E0 /* RROUITests */ = {
			isa = PBXGroup;
			children = (
				9D7F81232AE2D2DC002FA1E0 /* RROUITests.swift */,
				9D7F81252AE2D2DC002FA1E0 /* RROUITestsLaunchTests.swift */,
			);
			path = RROUITests;
			sourceTree = "<group>";
		};
		9D7F81322AE2D363002FA1E0 /* Data */ = {
			isa = PBXGroup;
			children = (
				EEDD93FA2AE962F50066AD71 /* Services */,
				EEDD93F92AE962A00066AD71 /* Repositories */,
				9D7F81372AE2D3B1002FA1E0 /* Models */,
			);
			path = Data;
			sourceTree = "<group>";
		};
		9D7F81332AE2D36E002FA1E0 /* Domain */ = {
			isa = PBXGroup;
			children = (
				EEDD93F32AE8E7EC0066AD71 /* ScholarshipInfoRequirement.swift */,
				88BDDDA02AEB0E8C00978F31 /* ProgramListRequirement.swift */,
				48DF02A82AF1C0BE005DE385 /* CertificationRequirement.swift */,
				EEDD93FB2AE966320066AD71 /* ScholarshipListRequirement.swift */,
				EEB604DE2AF085250088A355 /* SigninRequirement.swift */,
				F64162C42AF00BCD00B25E0E /* EventRequirement.swift */,
				BD5C22092AEF3F5D0002D85E /* FundationInformationRequirement.swift */,
				AA16DD9E2AEF09F700688D0B /* CourseListRequirement.swift */,
				471ED0872AF1AB3F00AD61F7 /* CourseInfoRequirement.swift */,
				031D18B02AF950D800372171 /* CompanyRequirement.swift */,
				82D7793B2B07C33F00121AB4 /* EditProfileRequirement.swift */,
				E12DEB2B2B03B1130045DD43 /* MyCoursesListRequirement.swift */,
				47E4715E2B059CFA00B0B9C3 /* PublicationListRequirement.swift */,
				47E839EF2B118D14009B6C38 /* PublicationInfoRequirement.swift */,
				47E839F22B118D50009B6C38 /* LikePublicationRequirement.swift */,
				47E839F42B12C3B7009B6C38 /* CreatePublicationCommentRequirement.swift */,
				47E839F62B18FCE3009B6C38 /* CreateCourseCommentRequirement.swift */,
			);
			path = Domain;
			sourceTree = "<group>";
		};
		9D7F81342AE2D377002FA1E0 /* Framework */ = {
			isa = PBXGroup;
			children = (
				EEAA9D3F2AE2E2AC00282A82 /* Utils */,
				9D7F81412AE2D4C5002FA1E0 /* Views */,
				9D7F81402AE2D4B5002FA1E0 /* ViewModels */,
			);
			path = Framework;
			sourceTree = "<group>";
		};
		9D7F81372AE2D3B1002FA1E0 /* Models */ = {
			isa = PBXGroup;
			children = (
				EE0BF5542AE80CF000844E68 /* ScholarshipModel.swift */,
				48DF029C2AF1BFEE005DE385 /* CertificationModel.swift */,
				AA16DD962AEEFD6C00688D0B /* CourseModel.swift */,
				88BDDD9A2AEAF7A900978F31 /* ProgramModel.swift */,
				88BDDD9C2AEAF9C100978F31 /* ServerResponseModel.swift */,
				4730B8782AE9D03800337D05 /* LoginModel.swift */,
				EEB604D82AF06F9B0088A355 /* SigninModel.swift */,
				EEA42F0E2AF1A07300015BE5 /* UserSessionModel.swift */,
				F64162C22AF00B6600B25E0E /* EventModel.swift */,
				BD5C22052AEF391A0002D85E /* FundationInformationModel.swift */,
				031D18B62AFAFA7200372171 /* CompanyModel.swift */,
				47E4715A2B0595E500B0B9C3 /* PublicationModel.swift */,
			);
			path = Models;
			sourceTree = "<group>";
		};
		9D7F81382AE2D3C4002FA1E0 /* Network */ = {
			isa = PBXGroup;
			children = (
				9D7F813A2AE2D422002FA1E0 /* NetworkAPIService.swift */,
				EEA42F102AF1A30900015BE5 /* RequestInterceptor.swift */,
				EEE4AC342AF1F73B009F8E89 /* NetworkError.swift */,
			);
			path = Network;
			sourceTree = "<group>";
		};
		9D7F81392AE2D3D1002FA1E0 /* Local */ = {
			isa = PBXGroup;
			children = (
				EEE4AC322AF1CB20009F8E89 /* LocalService.swift */,
			);
			path = Local;
			sourceTree = "<group>";
		};
		9D7F81402AE2D4B5002FA1E0 /* ViewModels */ = {
			isa = PBXGroup;
			children = (
				EE0BF5522AE80C8200844E68 /* ScholarshipViewModel.swift */,
				48DF02A02AF1C020005DE385 /* CertificationViewModel.swift */,
				88BDDD982AEAF72400978F31 /* ProgramViewModel.swift */,
				F64162BD2AF00A7F00B25E0E /* EventViewModel.swift */,
				AA16DD9C2AEF09B600688D0B /* CourseViewModel.swift */,
				47A333452AE890EB008D2448 /* LoginViewModel.swift */,
				EEB604DA2AF07C1C0088A355 /* SigninViewModel.swift */,
				BD5C220B2AEF424D0002D85E /* FundationInformationViewModel.swift */,
				AAFFBAB22AF1C4C800F8E392 /* CourseInfoViewModel.swift */,
				470069C82AF3F9A0006BC4FD /* LogoutViewModel.swift */,
				031D18AA2AF94F7600372171 /* CompanyViewModel.swift */,
				82D779332B07BB3400121AB4 /* EditProfileViewModel.swift */,
				E12DEB292B03B0610045DD43 /* MyCoursesViewModel.swift */,
				47E471582B0593E200B0B9C3 /* PublicationViewModel.swift */,
			);
			path = ViewModels;
			sourceTree = "<group>";
		};
		9D7F81412AE2D4C5002FA1E0 /* Views */ = {
			isa = PBXGroup;
			children = (
				88BDDD932AEAEF6F00978F31 /* Components */,
				EEAA9D432AE2E30200282A82 /* Menu */,
				EEAA9D422AE2E2F500282A82 /* Login */,
				EEAA9D442AE2E31A00282A82 /* CoordinatorView.swift */,
			);
			path = Views;
			sourceTree = "<group>";
		};
		BD2EB2FF2AF4399F009CE71E /* Utils */ = {
			isa = PBXGroup;
			children = (
				BD5D202D2AF43D9F001D8563 /* StringDateExtension.swift */,
			);
			path = Utils;
			sourceTree = "<group>";
		};
		EEAA9D3F2AE2E2AC00282A82 /* Utils */ = {
			isa = PBXGroup;
			children = (
				EEAA9D402AE2E2D900282A82 /* ImagePicker.swift */,
			);
			path = Utils;
			sourceTree = "<group>";
		};
		EEAA9D422AE2E2F500282A82 /* Login */ = {
			isa = PBXGroup;
			children = (
				E1FEDACD2B03E39F00DE2CBD /* SigninView.swift */,
				EEAA9D462AE2E34300282A82 /* LoginView.swift */,
				EEAA9D482AE2E35900282A82 /* RestoreView.swift */,
			);
			path = Login;
			sourceTree = "<group>";
		};
		EEAA9D432AE2E30200282A82 /* Menu */ = {
			isa = PBXGroup;
			children = (
				EEAA9D4C2AE2E39A00282A82 /* Details */,
				EEAA9D4D2AE2E3AD00282A82 /* CoursesView.swift */,
				AA930D3E2B1248730068F36E /* CoursesCommentsView.swift */,
				EEAA9D572AE2E45B00282A82 /* FAQView.swift */,
				EEAA9D592AE2E48000282A82 /* FeedView.swift */,
				48DF02B22AF2A45F005DE385 /* MenuView.swift */,
				48DF02AC2AF1C159005DE385 /* InicioView.swift */,
				EE9F1EFA2AF20800008E3343 /* MenuView.swift */,
				48DF02A62AF1C066005DE385 /* CertificationListView.swift */,
				EEDD93FD2AE974A20066AD71 /* ScholarshipsView.swift */,
				EEAA9D5D2AE2E4B700282A82 /* ProfileView.swift */,
				88BDDD962AEAF23C00978F31 /* ProgramListView.swift */,
				F64162C62AF00CB000B25E0E /* EventListView.swift */,
				031D18A82AF94EB700372171 /* CompanyListView.swift */,
				47E471562B058F5300B0B9C3 /* PublicationView.swift */,
				9DB442D02B117E0300AEC6F0 /* PubicationCommentsView.swift */,
			);
			path = Menu;
			sourceTree = "<group>";
		};
		EEAA9D4C2AE2E39A00282A82 /* Details */ = {
			isa = PBXGroup;
			children = (
				EEAA9D4F2AE2E3CE00282A82 /* CourseDetailView.swift */,
				EEAA9D512AE2E3EF00282A82 /* PaymentSheetView.swift */,
				EEAA9D532AE2E40000282A82 /* ProfileDetailView.swift */,
				E1FEDACF2B03E65E00DE2CBD /* ScholarshipDetailView.swift */,
				EEAA9D552AE2E42E00282A82 /* VoucherSheetView.swift */,
				88A8804A2AF002F9009BC8EF /* ProgramDetailView.swift */,
				F64162C82AF0121200B25E0E /* EventDetailView.swift */,
				031D18AC2AF9501F00372171 /* CompanyDetailView.swift */,
				E175A8F22B057FDB00FD70F4 /* MyCourseDetailView.swift */,
			);
			path = Details;
			sourceTree = "<group>";
		};
		EEDD93F92AE962A00066AD71 /* Repositories */ = {
			isa = PBXGroup;
			children = (
				EEDD93F72AE8E9450066AD71 /* RROAPI.swift */,
				EEDD93F52AE8E8BC0066AD71 /* ScholarshipRepository.swift */,
				88BDDD9E2AEB075100978F31 /* ProgramRepository.swift */,
				48DF029E2AF1BFFE005DE385 /* CertificationRepository.swift */,
				AA16DDA02AEF0A1E00688D0B /* CourseRepository.swift */,
				4777A67A2AEA348C00FB4388 /* LoginRepository.swift */,
				EEB604DC2AF080730088A355 /* SigninRepository.swift */,
				F64162C02AF00B0400B25E0E /* EventRepository.swift */,
				470069C62AF3F86D006BC4FD /* LogoutRepository.swift */,
				031D18B22AF9512300372171 /* CompanyRepository.swift */,
				BD5C22072AEF3D7B0002D85E /* FundationInformationRepository.swift */,
				82D7793D2B07C37D00121AB4 /* EditProfileRepository.swift */,
				47E4715C2B05996A00B0B9C3 /* PublicationRepository.swift */,
			);
			path = Repositories;
			sourceTree = "<group>";
		};
		EEDD93FA2AE962F50066AD71 /* Services */ = {
			isa = PBXGroup;
			children = (
				9D7F81382AE2D3C4002FA1E0 /* Network */,
				9D7F81392AE2D3D1002FA1E0 /* Local */,
			);
			path = Services;
			sourceTree = "<group>";
		};
/* End PBXGroup section */

/* Begin PBXNativeTarget section */
		9D7F81042AE2D2D7002FA1E0 /* RRO */ = {
			isa = PBXNativeTarget;
			buildConfigurationList = 9D7F81292AE2D2DC002FA1E0 /* Build configuration list for PBXNativeTarget "RRO" */;
			buildPhases = (
				9D7F81012AE2D2D7002FA1E0 /* Sources */,
				9D7F81022AE2D2D7002FA1E0 /* Frameworks */,
				9D7F81032AE2D2D7002FA1E0 /* Resources */,
			);
			buildRules = (
			);
			dependencies = (
			);
			name = RRO;
			packageProductDependencies = (
				EEAA9D372AE2E26000282A82 /* Alamofire */,
				EEAA9D3A2AE2E26E00282A82 /* FlowStacks */,
				EEAA9D3D2AE2E27F00282A82 /* SDWebImageSwiftUI */,
				47E471542B057F1400B0B9C3 /* ExpandableText */,
			);
			productName = RRO;
			productReference = 9D7F81052AE2D2D7002FA1E0 /* RRO.app */;
			productType = "com.apple.product-type.application";
		};
		9D7F81142AE2D2DC002FA1E0 /* RROTests */ = {
			isa = PBXNativeTarget;
			buildConfigurationList = 9D7F812C2AE2D2DC002FA1E0 /* Build configuration list for PBXNativeTarget "RROTests" */;
			buildPhases = (
				9D7F81112AE2D2DC002FA1E0 /* Sources */,
				9D7F81122AE2D2DC002FA1E0 /* Frameworks */,
				9D7F81132AE2D2DC002FA1E0 /* Resources */,
			);
			buildRules = (
			);
			dependencies = (
				9D7F81172AE2D2DC002FA1E0 /* PBXTargetDependency */,
			);
			name = RROTests;
			productName = RROTests;
			productReference = 9D7F81152AE2D2DC002FA1E0 /* RROTests.xctest */;
			productType = "com.apple.product-type.bundle.unit-test";
		};
		9D7F811E2AE2D2DC002FA1E0 /* RROUITests */ = {
			isa = PBXNativeTarget;
			buildConfigurationList = 9D7F812F2AE2D2DC002FA1E0 /* Build configuration list for PBXNativeTarget "RROUITests" */;
			buildPhases = (
				9D7F811B2AE2D2DC002FA1E0 /* Sources */,
				9D7F811C2AE2D2DC002FA1E0 /* Frameworks */,
				9D7F811D2AE2D2DC002FA1E0 /* Resources */,
			);
			buildRules = (
			);
			dependencies = (
				9D7F81212AE2D2DC002FA1E0 /* PBXTargetDependency */,
			);
			name = RROUITests;
			productName = RROUITests;
			productReference = 9D7F811F2AE2D2DC002FA1E0 /* RROUITests.xctest */;
			productType = "com.apple.product-type.bundle.ui-testing";
		};
/* End PBXNativeTarget section */

/* Begin PBXProject section */
		9D7F80FD2AE2D2D7002FA1E0 /* Project object */ = {
			isa = PBXProject;
			attributes = {
				BuildIndependentTargetsInParallel = 1;
				LastSwiftUpdateCheck = 1320;
				LastUpgradeCheck = 1500;
				TargetAttributes = {
					9D7F81042AE2D2D7002FA1E0 = {
						CreatedOnToolsVersion = 13.2;
					};
					9D7F81142AE2D2DC002FA1E0 = {
						CreatedOnToolsVersion = 13.2;
						TestTargetID = 9D7F81042AE2D2D7002FA1E0;
					};
					9D7F811E2AE2D2DC002FA1E0 = {
						CreatedOnToolsVersion = 13.2;
						TestTargetID = 9D7F81042AE2D2D7002FA1E0;
					};
				};
			};
			buildConfigurationList = 9D7F81002AE2D2D7002FA1E0 /* Build configuration list for PBXProject "RRO" */;
			compatibilityVersion = "Xcode 13.0";
			developmentRegion = en;
			hasScannedForEncodings = 0;
			knownRegions = (
				en,
				Base,
			);
			mainGroup = 9D7F80FC2AE2D2D7002FA1E0;
			packageReferences = (
				EEAA9D362AE2E26000282A82 /* XCRemoteSwiftPackageReference "Alamofire" */,
				EEAA9D392AE2E26E00282A82 /* XCRemoteSwiftPackageReference "FlowStacks" */,
				EEAA9D3C2AE2E27F00282A82 /* XCRemoteSwiftPackageReference "SDWebImageSwiftUI" */,
				47E471532B057F1400B0B9C3 /* XCRemoteSwiftPackageReference "ExpandableText" */,
			);
			productRefGroup = 9D7F81062AE2D2D7002FA1E0 /* Products */;
			projectDirPath = "";
			projectRoot = "";
			targets = (
				9D7F81042AE2D2D7002FA1E0 /* RRO */,
				9D7F81142AE2D2DC002FA1E0 /* RROTests */,
				9D7F811E2AE2D2DC002FA1E0 /* RROUITests */,
			);
		};
/* End PBXProject section */

/* Begin PBXResourcesBuildPhase section */
		9D7F81032AE2D2D7002FA1E0 /* Resources */ = {
			isa = PBXResourcesBuildPhase;
			buildActionMask = 2147483647;
			files = (
				9D7F81102AE2D2DB002FA1E0 /* Preview Assets.xcassets in Resources */,
				9D7F810D2AE2D2DB002FA1E0 /* Assets.xcassets in Resources */,
			);
			runOnlyForDeploymentPostprocessing = 0;
		};
		9D7F81132AE2D2DC002FA1E0 /* Resources */ = {
			isa = PBXResourcesBuildPhase;
			buildActionMask = 2147483647;
			files = (
			);
			runOnlyForDeploymentPostprocessing = 0;
		};
		9D7F811D2AE2D2DC002FA1E0 /* Resources */ = {
			isa = PBXResourcesBuildPhase;
			buildActionMask = 2147483647;
			files = (
			);
			runOnlyForDeploymentPostprocessing = 0;
		};
/* End PBXResourcesBuildPhase section */

/* Begin PBXSourcesBuildPhase section */
		9D7F81012AE2D2D7002FA1E0 /* Sources */ = {
			isa = PBXSourcesBuildPhase;
			buildActionMask = 2147483647;
			files = (
				47E4715D2B05996A00B0B9C3 /* PublicationRepository.swift in Sources */,
				48DF029D2AF1BFEE005DE385 /* CertificationModel.swift in Sources */,
				822E318C2AF41DD700822067 /* ScholarshipInfoCardView.swift in Sources */,
				AA16DD9B2AEF02D600688D0B /* CourseInfoCardView.swift in Sources */,
				47E839F02B118D14009B6C38 /* PublicationInfoRequirement.swift in Sources */,
				AA16DD972AEEFD6C00688D0B /* CourseModel.swift in Sources */,
				47E4715B2B0595E500B0B9C3 /* PublicationModel.swift in Sources */,
				031D18B12AF950D800372171 /* CompanyRequirement.swift in Sources */,
				EEDD93FC2AE966330066AD71 /* ScholarshipListRequirement.swift in Sources */,
				031D18AD2AF9501F00372171 /* CompanyDetailView.swift in Sources */,
				47E839F32B118D50009B6C38 /* LikePublicationRequirement.swift in Sources */,
				48DF02A92AF1C0BE005DE385 /* CertificationRequirement.swift in Sources */,
				48DF02A72AF1C066005DE385 /* CertificationListView.swift in Sources */,
				BD5C220C2AEF424D0002D85E /* FundationInformationViewModel.swift in Sources */,
				031D18B32AF9512300372171 /* CompanyRepository.swift in Sources */,
				AA930D412B1249C40068F36E /* CourseCommentCardView.swift in Sources */,
				47A333462AE890EB008D2448 /* LoginViewModel.swift in Sources */,
				EEAA9D5A2AE2E48000282A82 /* FeedView.swift in Sources */,
				BD5D202E2AF43D9F001D8563 /* StringDateExtension.swift in Sources */,
				EEAA9D4E2AE2E3AD00282A82 /* CoursesView.swift in Sources */,
				EEAA9D452AE2E31A00282A82 /* CoordinatorView.swift in Sources */,
				47E839F72B18FCE3009B6C38 /* CreateCourseCommentRequirement.swift in Sources */,
				EEE4AC332AF1CB20009F8E89 /* LocalService.swift in Sources */,
				E19C90332B07B0D700E65202 /* CompanyInfoCardView.swift in Sources */,
				EEA42F0F2AF1A07300015BE5 /* UserSessionModel.swift in Sources */,
				88BDDD952AEAEF8500978F31 /* ProgramInfoCardView.swift in Sources */,
				82D7793E2B07C37E00121AB4 /* EditProfileRepository.swift in Sources */,
				031D18AB2AF94F7600372171 /* CompanyViewModel.swift in Sources */,
				AAFFBAB32AF1C4C800F8E392 /* CourseInfoViewModel.swift in Sources */,
				EEAA9D562AE2E42E00282A82 /* VoucherSheetView.swift in Sources */,
				EEAA9D522AE2E3EF00282A82 /* PaymentSheetView.swift in Sources */,
				48DF02AF2AF1C31A005DE385 /* CertificationInfoCardView.swift in Sources */,
				F64162C72AF00CB000B25E0E /* EventListView.swift in Sources */,
				F64162BE2AF00A8000B25E0E /* EventViewModel.swift in Sources */,
				EEDD93F62AE8E8BC0066AD71 /* ScholarshipRepository.swift in Sources */,
				48DF029F2AF1BFFE005DE385 /* CertificationRepository.swift in Sources */,
				EEAA9D412AE2E2D900282A82 /* ImagePicker.swift in Sources */,
				EEDD93F42AE8E7EC0066AD71 /* ScholarshipInfoRequirement.swift in Sources */,
				E12DEB2A2B03B0610045DD43 /* MyCoursesViewModel.swift in Sources */,
				47E471572B058F5300B0B9C3 /* PublicationView.swift in Sources */,
				EEE4AC352AF1F73B009F8E89 /* NetworkError.swift in Sources */,
				EE9F1EFB2AF20800008E3343 /* MenuView.swift in Sources */,
				EEAA9D582AE2E45B00282A82 /* FAQView.swift in Sources */,
				470069C92AF3F9A0006BC4FD /* LogoutViewModel.swift in Sources */,
				EE0BF5552AE80CF000844E68 /* ScholarshipModel.swift in Sources */,
				031D18B72AFAFA7200372171 /* CompanyModel.swift in Sources */,
				031D18A92AF94EB700372171 /* CompanyListView.swift in Sources */,
				AA930D3F2B1248730068F36E /* CoursesCommentsView.swift in Sources */,
				F64162BC2AF005B100B25E0E /* EventInfoCardView.swift in Sources */,
				47E4715F2B059CFA00B0B9C3 /* PublicationListRequirement.swift in Sources */,
				F64162C92AF0121200B25E0E /* EventDetailView.swift in Sources */,
				EEAA9D542AE2E40000282A82 /* ProfileDetailView.swift in Sources */,
				470069C72AF3F86D006BC4FD /* LogoutRepository.swift in Sources */,
				E175A8F12B057EFB00FD70F4 /* MyCourseInfoCardView.swift in Sources */,
				F64162C52AF00BCD00B25E0E /* EventRequirement.swift in Sources */,
				9DB442D12B117E0300AEC6F0 /* PubicationCommentsView.swift in Sources */,
				88BDDD9F2AEB075100978F31 /* ProgramRepository.swift in Sources */,
				4777A67B2AEA348C00FB4388 /* LoginRepository.swift in Sources */,
				EEA42F112AF1A30900015BE5 /* RequestInterceptor.swift in Sources */,
				F64162C12AF00B0400B25E0E /* EventRepository.swift in Sources */,
				E175A8F32B057FDB00FD70F4 /* MyCourseDetailView.swift in Sources */,
				EEAA9D492AE2E35900282A82 /* RestoreView.swift in Sources */,
				82D7793C2B07C33F00121AB4 /* EditProfileRequirement.swift in Sources */,
				EE0BF5532AE80C8200844E68 /* ScholarshipViewModel.swift in Sources */,
				48DF02A12AF1C020005DE385 /* CertificationViewModel.swift in Sources */,
				88BDDD9D2AEAF9C100978F31 /* ServerResponseModel.swift in Sources */,
				EEB604D92AF06F9B0088A355 /* SigninModel.swift in Sources */,
				EEAA9D502AE2E3CE00282A82 /* CourseDetailView.swift in Sources */,
				EEB604DD2AF080730088A355 /* SigninRepository.swift in Sources */,
				BD5C22082AEF3D7B0002D85E /* FundationInformationRepository.swift in Sources */,
				9D7F81092AE2D2D7002FA1E0 /* RROApp.swift in Sources */,
				82D779342B07BB3400121AB4 /* EditProfileViewModel.swift in Sources */,
				88A8804B2AF002F9009BC8EF /* ProgramDetailView.swift in Sources */,
				47E839F52B12C3B7009B6C38 /* CreatePublicationCommentRequirement.swift in Sources */,
				88BDDD9B2AEAF7A900978F31 /* ProgramModel.swift in Sources */,
				88BDDD992AEAF72400978F31 /* ProgramViewModel.swift in Sources */,
				E1FEDAD02B03E65E00DE2CBD /* ScholarshipDetailView.swift in Sources */,
				EEB604DF2AF085250088A355 /* SigninRequirement.swift in Sources */,
				EEDD93FE2AE974A20066AD71 /* ScholarshipsView.swift in Sources */,
				EEB604DB2AF07C1C0088A355 /* SigninViewModel.swift in Sources */,
				4730B8792AE9D03800337D05 /* LoginModel.swift in Sources */,
				EEAA9D472AE2E34300282A82 /* LoginView.swift in Sources */,
				47D08D9E2B080E7B0082F385 /* ExpandableText.swift in Sources */,
				BD5C220A2AEF3F5D0002D85E /* FundationInformationRequirement.swift in Sources */,
				E12DEB2C2B03B1130045DD43 /* MyCoursesListRequirement.swift in Sources */,
				AA16DD9F2AEF09F700688D0B /* CourseListRequirement.swift in Sources */,
				E1FEDACE2B03E39F00DE2CBD /* SigninView.swift in Sources */,
				471ED0882AF1AB3F00AD61F7 /* CourseInfoRequirement.swift in Sources */,
				EEAA9D5E2AE2E4B800282A82 /* ProfileView.swift in Sources */,
				48DF02AD2AF1C159005DE385 /* InicioView.swift in Sources */,
				F64162C32AF00B6600B25E0E /* EventModel.swift in Sources */,
				F64162C32AF00B6600B25E0E /* EventModel.swift in Sources */,
				AA16DDA12AEF0A1E00688D0B /* CourseRepository.swift in Sources */,
				88BDDDA12AEB0E8C00978F31 /* ProgramListRequirement.swift in Sources */,
				48DF02B32AF2A45F005DE385 /* MenuView.swift in Sources */,
				9DB442CF2B117D5D00AEC6F0 /* CommentCardView.swift in Sources */,
				EEDD93F82AE8E9450066AD71 /* RROAPI.swift in Sources */,
				478932CF2B056FD60071F839 /* PublicationCardView.swift in Sources */,
				BD5C22062AEF391A0002D85E /* FundationInformationModel.swift in Sources */,
				AA16DD9D2AEF09B600688D0B /* CourseViewModel.swift in Sources */,
				9D7F813B2AE2D422002FA1E0 /* NetworkAPIService.swift in Sources */,
				88BDDD972AEAF23C00978F31 /* ProgramListView.swift in Sources */,
				47E471592B0593E200B0B9C3 /* PublicationViewModel.swift in Sources */,
			);
			runOnlyForDeploymentPostprocessing = 0;
		};
		9D7F81112AE2D2DC002FA1E0 /* Sources */ = {
			isa = PBXSourcesBuildPhase;
			buildActionMask = 2147483647;
			files = (
				9D7F811A2AE2D2DC002FA1E0 /* RROTests.swift in Sources */,
			);
			runOnlyForDeploymentPostprocessing = 0;
		};
		9D7F811B2AE2D2DC002FA1E0 /* Sources */ = {
			isa = PBXSourcesBuildPhase;
			buildActionMask = 2147483647;
			files = (
				9D7F81262AE2D2DC002FA1E0 /* RROUITestsLaunchTests.swift in Sources */,
				9D7F81242AE2D2DC002FA1E0 /* RROUITests.swift in Sources */,
			);
			runOnlyForDeploymentPostprocessing = 0;
		};
/* End PBXSourcesBuildPhase section */

/* Begin PBXTargetDependency section */
		9D7F81172AE2D2DC002FA1E0 /* PBXTargetDependency */ = {
			isa = PBXTargetDependency;
			target = 9D7F81042AE2D2D7002FA1E0 /* RRO */;
			targetProxy = 9D7F81162AE2D2DC002FA1E0 /* PBXContainerItemProxy */;
		};
		9D7F81212AE2D2DC002FA1E0 /* PBXTargetDependency */ = {
			isa = PBXTargetDependency;
			target = 9D7F81042AE2D2D7002FA1E0 /* RRO */;
			targetProxy = 9D7F81202AE2D2DC002FA1E0 /* PBXContainerItemProxy */;
		};
/* End PBXTargetDependency section */

/* Begin XCBuildConfiguration section */
		9D7F81272AE2D2DC002FA1E0 /* Debug */ = {
			isa = XCBuildConfiguration;
			buildSettings = {
				ALWAYS_SEARCH_USER_PATHS = NO;
				CLANG_ANALYZER_NONNULL = YES;
				CLANG_ANALYZER_NUMBER_OBJECT_CONVERSION = YES_AGGRESSIVE;
				CLANG_CXX_LANGUAGE_STANDARD = "gnu++17";
				CLANG_CXX_LIBRARY = "libc++";
				CLANG_ENABLE_MODULES = YES;
				CLANG_ENABLE_OBJC_ARC = YES;
				CLANG_ENABLE_OBJC_WEAK = YES;
				CLANG_WARN_BLOCK_CAPTURE_AUTORELEASING = YES;
				CLANG_WARN_BOOL_CONVERSION = YES;
				CLANG_WARN_COMMA = YES;
				CLANG_WARN_CONSTANT_CONVERSION = YES;
				CLANG_WARN_DEPRECATED_OBJC_IMPLEMENTATIONS = YES;
				CLANG_WARN_DIRECT_OBJC_ISA_USAGE = YES_ERROR;
				CLANG_WARN_DOCUMENTATION_COMMENTS = YES;
				CLANG_WARN_EMPTY_BODY = YES;
				CLANG_WARN_ENUM_CONVERSION = YES;
				CLANG_WARN_INFINITE_RECURSION = YES;
				CLANG_WARN_INT_CONVERSION = YES;
				CLANG_WARN_NON_LITERAL_NULL_CONVERSION = YES;
				CLANG_WARN_OBJC_IMPLICIT_RETAIN_SELF = YES;
				CLANG_WARN_OBJC_LITERAL_CONVERSION = YES;
				CLANG_WARN_OBJC_ROOT_CLASS = YES_ERROR;
				CLANG_WARN_QUOTED_INCLUDE_IN_FRAMEWORK_HEADER = YES;
				CLANG_WARN_RANGE_LOOP_ANALYSIS = YES;
				CLANG_WARN_STRICT_PROTOTYPES = YES;
				CLANG_WARN_SUSPICIOUS_MOVE = YES;
				CLANG_WARN_UNGUARDED_AVAILABILITY = YES_AGGRESSIVE;
				CLANG_WARN_UNREACHABLE_CODE = YES;
				CLANG_WARN__DUPLICATE_METHOD_MATCH = YES;
				COPY_PHASE_STRIP = NO;
				DEBUG_INFORMATION_FORMAT = dwarf;
				ENABLE_STRICT_OBJC_MSGSEND = YES;
				ENABLE_TESTABILITY = YES;
				ENABLE_USER_SCRIPT_SANDBOXING = YES;
				GCC_C_LANGUAGE_STANDARD = gnu11;
				GCC_DYNAMIC_NO_PIC = NO;
				GCC_NO_COMMON_BLOCKS = YES;
				GCC_OPTIMIZATION_LEVEL = 0;
				GCC_PREPROCESSOR_DEFINITIONS = (
					"DEBUG=1",
					"$(inherited)",
				);
				GCC_WARN_64_TO_32_BIT_CONVERSION = YES;
				GCC_WARN_ABOUT_RETURN_TYPE = YES_ERROR;
				GCC_WARN_UNDECLARED_SELECTOR = YES;
				GCC_WARN_UNINITIALIZED_AUTOS = YES_AGGRESSIVE;
				GCC_WARN_UNUSED_FUNCTION = YES;
				GCC_WARN_UNUSED_VARIABLE = YES;
				IPHONEOS_DEPLOYMENT_TARGET = 16.0;
				MTL_ENABLE_DEBUG_INFO = INCLUDE_SOURCE;
				MTL_FAST_MATH = YES;
				ONLY_ACTIVE_ARCH = YES;
				SDKROOT = iphoneos;
				SWIFT_ACTIVE_COMPILATION_CONDITIONS = DEBUG;
				SWIFT_OPTIMIZATION_LEVEL = "-Onone";
			};
			name = Debug;
		};
		9D7F81282AE2D2DC002FA1E0 /* Release */ = {
			isa = XCBuildConfiguration;
			buildSettings = {
				ALWAYS_SEARCH_USER_PATHS = NO;
				CLANG_ANALYZER_NONNULL = YES;
				CLANG_ANALYZER_NUMBER_OBJECT_CONVERSION = YES_AGGRESSIVE;
				CLANG_CXX_LANGUAGE_STANDARD = "gnu++17";
				CLANG_CXX_LIBRARY = "libc++";
				CLANG_ENABLE_MODULES = YES;
				CLANG_ENABLE_OBJC_ARC = YES;
				CLANG_ENABLE_OBJC_WEAK = YES;
				CLANG_WARN_BLOCK_CAPTURE_AUTORELEASING = YES;
				CLANG_WARN_BOOL_CONVERSION = YES;
				CLANG_WARN_COMMA = YES;
				CLANG_WARN_CONSTANT_CONVERSION = YES;
				CLANG_WARN_DEPRECATED_OBJC_IMPLEMENTATIONS = YES;
				CLANG_WARN_DIRECT_OBJC_ISA_USAGE = YES_ERROR;
				CLANG_WARN_DOCUMENTATION_COMMENTS = YES;
				CLANG_WARN_EMPTY_BODY = YES;
				CLANG_WARN_ENUM_CONVERSION = YES;
				CLANG_WARN_INFINITE_RECURSION = YES;
				CLANG_WARN_INT_CONVERSION = YES;
				CLANG_WARN_NON_LITERAL_NULL_CONVERSION = YES;
				CLANG_WARN_OBJC_IMPLICIT_RETAIN_SELF = YES;
				CLANG_WARN_OBJC_LITERAL_CONVERSION = YES;
				CLANG_WARN_OBJC_ROOT_CLASS = YES_ERROR;
				CLANG_WARN_QUOTED_INCLUDE_IN_FRAMEWORK_HEADER = YES;
				CLANG_WARN_RANGE_LOOP_ANALYSIS = YES;
				CLANG_WARN_STRICT_PROTOTYPES = YES;
				CLANG_WARN_SUSPICIOUS_MOVE = YES;
				CLANG_WARN_UNGUARDED_AVAILABILITY = YES_AGGRESSIVE;
				CLANG_WARN_UNREACHABLE_CODE = YES;
				CLANG_WARN__DUPLICATE_METHOD_MATCH = YES;
				COPY_PHASE_STRIP = NO;
				DEBUG_INFORMATION_FORMAT = "dwarf-with-dsym";
				ENABLE_NS_ASSERTIONS = NO;
				ENABLE_STRICT_OBJC_MSGSEND = YES;
				ENABLE_USER_SCRIPT_SANDBOXING = YES;
				GCC_C_LANGUAGE_STANDARD = gnu11;
				GCC_NO_COMMON_BLOCKS = YES;
				GCC_WARN_64_TO_32_BIT_CONVERSION = YES;
				GCC_WARN_ABOUT_RETURN_TYPE = YES_ERROR;
				GCC_WARN_UNDECLARED_SELECTOR = YES;
				GCC_WARN_UNINITIALIZED_AUTOS = YES_AGGRESSIVE;
				GCC_WARN_UNUSED_FUNCTION = YES;
				GCC_WARN_UNUSED_VARIABLE = YES;
				IPHONEOS_DEPLOYMENT_TARGET = 16.0;
				MTL_ENABLE_DEBUG_INFO = NO;
				MTL_FAST_MATH = YES;
				SDKROOT = iphoneos;
				SWIFT_COMPILATION_MODE = wholemodule;
				SWIFT_OPTIMIZATION_LEVEL = "-O";
				VALIDATE_PRODUCT = YES;
			};
			name = Release;
		};
		9D7F812A2AE2D2DC002FA1E0 /* Debug */ = {
			isa = XCBuildConfiguration;
			buildSettings = {
				ASSETCATALOG_COMPILER_APPICON_NAME = AppIcon;
				ASSETCATALOG_COMPILER_GLOBAL_ACCENT_COLOR_NAME = AccentColor;
				CODE_SIGN_STYLE = Automatic;
				CURRENT_PROJECT_VERSION = 1;
				DEVELOPMENT_ASSET_PATHS = "\"RRO/Preview Content\"";
				DEVELOPMENT_TEAM = DYHS6ANDJD;
				ENABLE_PREVIEWS = YES;
				GENERATE_INFOPLIST_FILE = YES;
				INFOPLIST_KEY_UIApplicationSceneManifest_Generation = YES;
				INFOPLIST_KEY_UIApplicationSupportsIndirectInputEvents = YES;
				INFOPLIST_KEY_UILaunchScreen_Generation = YES;
				INFOPLIST_KEY_UISupportedInterfaceOrientations_iPad = "UIInterfaceOrientationPortrait UIInterfaceOrientationPortraitUpsideDown UIInterfaceOrientationLandscapeLeft UIInterfaceOrientationLandscapeRight";
				INFOPLIST_KEY_UISupportedInterfaceOrientations_iPhone = "UIInterfaceOrientationPortrait UIInterfaceOrientationLandscapeLeft UIInterfaceOrientationLandscapeRight";
				IPHONEOS_DEPLOYMENT_TARGET = 16.0;
				LD_RUNPATH_SEARCH_PATHS = (
					"$(inherited)",
					"@executable_path/Frameworks",
				);
				MARKETING_VERSION = 1.0.0;
				PRODUCT_BUNDLE_IDENTIFIER = covidmau.ExamenCOVID;
				PRODUCT_NAME = "$(TARGET_NAME)";
				SWIFT_EMIT_LOC_STRINGS = YES;
				SWIFT_PRECOMPILE_BRIDGING_HEADER = NO;
				SWIFT_VERSION = 5.0;
				TARGETED_DEVICE_FAMILY = "1,2";
			};
			name = Debug;
		};
		9D7F812B2AE2D2DC002FA1E0 /* Release */ = {
			isa = XCBuildConfiguration;
			buildSettings = {
				ASSETCATALOG_COMPILER_APPICON_NAME = AppIcon;
				ASSETCATALOG_COMPILER_GLOBAL_ACCENT_COLOR_NAME = AccentColor;
				CODE_SIGN_STYLE = Automatic;
				CURRENT_PROJECT_VERSION = 1;
				DEVELOPMENT_ASSET_PATHS = "\"RRO/Preview Content\"";
				DEVELOPMENT_TEAM = 9T5LL73A6A;
				ENABLE_PREVIEWS = YES;
				GENERATE_INFOPLIST_FILE = YES;
				INFOPLIST_KEY_UIApplicationSceneManifest_Generation = YES;
				INFOPLIST_KEY_UIApplicationSupportsIndirectInputEvents = YES;
				INFOPLIST_KEY_UILaunchScreen_Generation = YES;
				INFOPLIST_KEY_UISupportedInterfaceOrientations_iPad = "UIInterfaceOrientationPortrait UIInterfaceOrientationPortraitUpsideDown UIInterfaceOrientationLandscapeLeft UIInterfaceOrientationLandscapeRight";
				INFOPLIST_KEY_UISupportedInterfaceOrientations_iPhone = "UIInterfaceOrientationPortrait UIInterfaceOrientationLandscapeLeft UIInterfaceOrientationLandscapeRight";
				IPHONEOS_DEPLOYMENT_TARGET = 16.0;
				LD_RUNPATH_SEARCH_PATHS = (
					"$(inherited)",
					"@executable_path/Frameworks",
				);
				MARKETING_VERSION = 1.0.0;
				PRECOMPS_INCLUDE_HEADERS_FROM_BUILT_PRODUCTS_DIR = NO;
				PRODUCT_BUNDLE_IDENTIFIER = "com.roberto-ruiz-obregon.RRO-azul";
				PRODUCT_NAME = "$(TARGET_NAME)";
				SWIFT_EMIT_LOC_STRINGS = YES;
				SWIFT_PRECOMPILE_BRIDGING_HEADER = NO;
				SWIFT_VERSION = 5.0;
				TARGETED_DEVICE_FAMILY = "1,2";
			};
			name = Release;
		};
		9D7F812D2AE2D2DC002FA1E0 /* Debug */ = {
			isa = XCBuildConfiguration;
			buildSettings = {
				ALWAYS_EMBED_SWIFT_STANDARD_LIBRARIES = YES;
				BUNDLE_LOADER = "$(TEST_HOST)";
				CODE_SIGN_STYLE = Automatic;
				CURRENT_PROJECT_VERSION = 1;
				DEVELOPMENT_TEAM = 5S28ZC3C35;
				GENERATE_INFOPLIST_FILE = YES;
				IPHONEOS_DEPLOYMENT_TARGET = 16.0;
				MARKETING_VERSION = 1.0;
				PRODUCT_BUNDLE_IDENTIFIER = "com.roberto-ruiz-obregon.RROTests";
				PRODUCT_NAME = "$(TARGET_NAME)";
				SWIFT_EMIT_LOC_STRINGS = NO;
				SWIFT_VERSION = 5.0;
				TARGETED_DEVICE_FAMILY = "1,2";
				TEST_HOST = "$(BUILT_PRODUCTS_DIR)/RRO.app/RRO";
			};
			name = Debug;
		};
		9D7F812E2AE2D2DC002FA1E0 /* Release */ = {
			isa = XCBuildConfiguration;
			buildSettings = {
				ALWAYS_EMBED_SWIFT_STANDARD_LIBRARIES = YES;
				BUNDLE_LOADER = "$(TEST_HOST)";
				CODE_SIGN_STYLE = Automatic;
				CURRENT_PROJECT_VERSION = 1;
				DEVELOPMENT_TEAM = 5S28ZC3C35;
				GENERATE_INFOPLIST_FILE = YES;
				IPHONEOS_DEPLOYMENT_TARGET = 16.0;
				MARKETING_VERSION = 1.0;
				PRODUCT_BUNDLE_IDENTIFIER = "com.roberto-ruiz-obregon.RROTests";
				PRODUCT_NAME = "$(TARGET_NAME)";
				SWIFT_EMIT_LOC_STRINGS = NO;
				SWIFT_VERSION = 5.0;
				TARGETED_DEVICE_FAMILY = "1,2";
				TEST_HOST = "$(BUILT_PRODUCTS_DIR)/RRO.app/RRO";
			};
			name = Release;
		};
		9D7F81302AE2D2DC002FA1E0 /* Debug */ = {
			isa = XCBuildConfiguration;
			buildSettings = {
				ALWAYS_EMBED_SWIFT_STANDARD_LIBRARIES = YES;
				CODE_SIGN_STYLE = Automatic;
				CURRENT_PROJECT_VERSION = 1;
				DEVELOPMENT_TEAM = 5S28ZC3C35;
				GENERATE_INFOPLIST_FILE = YES;
				MARKETING_VERSION = 1.0;
				PRODUCT_BUNDLE_IDENTIFIER = "com.roberto-ruiz-obregon.RROUITests";
				PRODUCT_NAME = "$(TARGET_NAME)";
				SWIFT_EMIT_LOC_STRINGS = NO;
				SWIFT_VERSION = 5.0;
				TARGETED_DEVICE_FAMILY = "1,2";
				TEST_TARGET_NAME = RRO;
			};
			name = Debug;
		};
		9D7F81312AE2D2DC002FA1E0 /* Release */ = {
			isa = XCBuildConfiguration;
			buildSettings = {
				ALWAYS_EMBED_SWIFT_STANDARD_LIBRARIES = YES;
				CODE_SIGN_STYLE = Automatic;
				CURRENT_PROJECT_VERSION = 1;
				DEVELOPMENT_TEAM = 5S28ZC3C35;
				GENERATE_INFOPLIST_FILE = YES;
				MARKETING_VERSION = 1.0;
				PRODUCT_BUNDLE_IDENTIFIER = "com.roberto-ruiz-obregon.RROUITests";
				PRODUCT_NAME = "$(TARGET_NAME)";
				SWIFT_EMIT_LOC_STRINGS = NO;
				SWIFT_VERSION = 5.0;
				TARGETED_DEVICE_FAMILY = "1,2";
				TEST_TARGET_NAME = RRO;
			};
			name = Release;
		};
/* End XCBuildConfiguration section */

/* Begin XCConfigurationList section */
		9D7F81002AE2D2D7002FA1E0 /* Build configuration list for PBXProject "RRO" */ = {
			isa = XCConfigurationList;
			buildConfigurations = (
				9D7F81272AE2D2DC002FA1E0 /* Debug */,
				9D7F81282AE2D2DC002FA1E0 /* Release */,
			);
			defaultConfigurationIsVisible = 0;
			defaultConfigurationName = Release;
		};
		9D7F81292AE2D2DC002FA1E0 /* Build configuration list for PBXNativeTarget "RRO" */ = {
			isa = XCConfigurationList;
			buildConfigurations = (
				9D7F812A2AE2D2DC002FA1E0 /* Debug */,
				9D7F812B2AE2D2DC002FA1E0 /* Release */,
			);
			defaultConfigurationIsVisible = 0;
			defaultConfigurationName = Release;
		};
		9D7F812C2AE2D2DC002FA1E0 /* Build configuration list for PBXNativeTarget "RROTests" */ = {
			isa = XCConfigurationList;
			buildConfigurations = (
				9D7F812D2AE2D2DC002FA1E0 /* Debug */,
				9D7F812E2AE2D2DC002FA1E0 /* Release */,
			);
			defaultConfigurationIsVisible = 0;
			defaultConfigurationName = Release;
		};
		9D7F812F2AE2D2DC002FA1E0 /* Build configuration list for PBXNativeTarget "RROUITests" */ = {
			isa = XCConfigurationList;
			buildConfigurations = (
				9D7F81302AE2D2DC002FA1E0 /* Debug */,
				9D7F81312AE2D2DC002FA1E0 /* Release */,
			);
			defaultConfigurationIsVisible = 0;
			defaultConfigurationName = Release;
		};
/* End XCConfigurationList section */

/* Begin XCRemoteSwiftPackageReference section */
		47E471532B057F1400B0B9C3 /* XCRemoteSwiftPackageReference "ExpandableText" */ = {
			isa = XCRemoteSwiftPackageReference;
			repositoryURL = "https://github.com/NuPlay/ExpandableText.git";
			requirement = {
				kind = upToNextMajorVersion;
				minimumVersion = 1.0.0;
			};
		};
		EEAA9D362AE2E26000282A82 /* XCRemoteSwiftPackageReference "Alamofire" */ = {
			isa = XCRemoteSwiftPackageReference;
			repositoryURL = "https://github.com/Alamofire/Alamofire.git";
			requirement = {
				kind = upToNextMajorVersion;
				minimumVersion = 5.8.0;
			};
		};
		EEAA9D392AE2E26E00282A82 /* XCRemoteSwiftPackageReference "FlowStacks" */ = {
			isa = XCRemoteSwiftPackageReference;
			repositoryURL = "https://github.com/johnpatrickmorgan/FlowStacks";
			requirement = {
				kind = upToNextMajorVersion;
				minimumVersion = 0.3.4;
			};
		};
		EEAA9D3C2AE2E27F00282A82 /* XCRemoteSwiftPackageReference "SDWebImageSwiftUI" */ = {
			isa = XCRemoteSwiftPackageReference;
			repositoryURL = "https://github.com/SDWebImage/SDWebImageSwiftUI";
			requirement = {
				kind = upToNextMajorVersion;
				minimumVersion = 2.2.3;
			};
		};
/* End XCRemoteSwiftPackageReference section */

/* Begin XCSwiftPackageProductDependency section */
		47E471542B057F1400B0B9C3 /* ExpandableText */ = {
			isa = XCSwiftPackageProductDependency;
			package = 47E471532B057F1400B0B9C3 /* XCRemoteSwiftPackageReference "ExpandableText" */;
			productName = ExpandableText;
		};
		EEAA9D372AE2E26000282A82 /* Alamofire */ = {
			isa = XCSwiftPackageProductDependency;
			package = EEAA9D362AE2E26000282A82 /* XCRemoteSwiftPackageReference "Alamofire" */;
			productName = Alamofire;
		};
		EEAA9D3A2AE2E26E00282A82 /* FlowStacks */ = {
			isa = XCSwiftPackageProductDependency;
			package = EEAA9D392AE2E26E00282A82 /* XCRemoteSwiftPackageReference "FlowStacks" */;
			productName = FlowStacks;
		};
		EEAA9D3D2AE2E27F00282A82 /* SDWebImageSwiftUI */ = {
			isa = XCSwiftPackageProductDependency;
			package = EEAA9D3C2AE2E27F00282A82 /* XCRemoteSwiftPackageReference "SDWebImageSwiftUI" */;
			productName = SDWebImageSwiftUI;
		};
/* End XCSwiftPackageProductDependency section */
	};
	rootObject = 9D7F80FD2AE2D2D7002FA1E0 /* Project object */;
}
